// !$*UTF8*$!
{
	archiveVersion = 1;
	classes = {
	};
	objectVersion = 56;
	objects = {

/* Begin PBXBuildFile section */
		C10302742B321FC2005E8C54 /* LocalCryptoPortfolioDataSourceProtocol.swift in Sources */ = {isa = PBXBuildFile; fileRef = C10302732B321FC2005E8C54 /* LocalCryptoPortfolioDataSourceProtocol.swift */; };
		C10302772B322035005E8C54 /* DBCryptoPortfolioDataSource.swift in Sources */ = {isa = PBXBuildFile; fileRef = C10302762B322035005E8C54 /* DBCryptoPortfolioDataSource.swift */; };
		C103027B2B32219E005E8C54 /* CryptoPortfolioRepository.swift in Sources */ = {isa = PBXBuildFile; fileRef = C103027A2B32219E005E8C54 /* CryptoPortfolioRepository.swift */; };
		C103027E2B322346005E8C54 /* CryptoPortfolioRespositoryProtocol.swift in Sources */ = {isa = PBXBuildFile; fileRef = C103027D2B322346005E8C54 /* CryptoPortfolioRespositoryProtocol.swift */; };
		C10302802B3227A0005E8C54 /* CryptoPortfolioMockUseCases.swift in Sources */ = {isa = PBXBuildFile; fileRef = C103027F2B3227A0005E8C54 /* CryptoPortfolioMockUseCases.swift */; };
		C10EAC1D2B1D22AB006C1A0D /* LocalCryptoDataSourceProtocol.swift in Sources */ = {isa = PBXBuildFile; fileRef = C10EAC1C2B1D22AB006C1A0D /* LocalCryptoDataSourceProtocol.swift */; };
		C10EAC1F2B1D22C2006C1A0D /* RemoteCryptoDataSourceProtocol.swift in Sources */ = {isa = PBXBuildFile; fileRef = C10EAC1E2B1D22C2006C1A0D /* RemoteCryptoDataSourceProtocol.swift */; };
		C10EAC222B1D2369006C1A0D /* RemoteCoincapDataSource.swift in Sources */ = {isa = PBXBuildFile; fileRef = C10EAC212B1D2369006C1A0D /* RemoteCoincapDataSource.swift */; };
		C10EAC282B1DDE45006C1A0D /* RemoteManagerProtocol.swift in Sources */ = {isa = PBXBuildFile; fileRef = C10EAC272B1DDE45006C1A0D /* RemoteManagerProtocol.swift */; };
		C10EAC2A2B1DDE51006C1A0D /* RemoteManager.swift in Sources */ = {isa = PBXBuildFile; fileRef = C10EAC292B1DDE51006C1A0D /* RemoteManager.swift */; };
		C10EAC2D2B1DDEE4006C1A0D /* CryptoCoinCapDTO.swift in Sources */ = {isa = PBXBuildFile; fileRef = C10EAC2C2B1DDEE4006C1A0D /* CryptoCoinCapDTO.swift */; };
		C10EAC2F2B1DDF2C006C1A0D /* CryptoCoinCapDataDTO.swift in Sources */ = {isa = PBXBuildFile; fileRef = C10EAC2E2B1DDF2C006C1A0D /* CryptoCoinCapDataDTO.swift */; };
		C10EAC322B1DDFA1006C1A0D /* CryptoRepositoryProtocol.swift in Sources */ = {isa = PBXBuildFile; fileRef = C10EAC312B1DDFA1006C1A0D /* CryptoRepositoryProtocol.swift */; };
		C10EAC342B1DDFD5006C1A0D /* Crypto.swift in Sources */ = {isa = PBXBuildFile; fileRef = C10EAC332B1DDFD5006C1A0D /* Crypto.swift */; };
		C10EAC372B1DE028006C1A0D /* CryptoRepository.swift in Sources */ = {isa = PBXBuildFile; fileRef = C10EAC362B1DE028006C1A0D /* CryptoRepository.swift */; };
		C10EAC3B2B1DE108006C1A0D /* CryptoUseCasesProtocol.swift in Sources */ = {isa = PBXBuildFile; fileRef = C10EAC3A2B1DE108006C1A0D /* CryptoUseCasesProtocol.swift */; };
		C10EAC3D2B1DE112006C1A0D /* CryptoUseCases.swift in Sources */ = {isa = PBXBuildFile; fileRef = C10EAC3C2B1DE112006C1A0D /* CryptoUseCases.swift */; };
		C10EAC412B1DE19B006C1A0D /* TopCryptosViewModel.swift in Sources */ = {isa = PBXBuildFile; fileRef = C10EAC402B1DE19B006C1A0D /* TopCryptosViewModel.swift */; };
		C10EAC432B1DE1A7006C1A0D /* TopCryptosView.swift in Sources */ = {isa = PBXBuildFile; fileRef = C10EAC422B1DE1A7006C1A0D /* TopCryptosView.swift */; };
		C10EAC452B1DE5EB006C1A0D /* TopCryptosBuilder.swift in Sources */ = {isa = PBXBuildFile; fileRef = C10EAC442B1DE5EB006C1A0D /* TopCryptosBuilder.swift */; };
		C10EAC482B1DF078006C1A0D /* DBCryptoDataSource.swift in Sources */ = {isa = PBXBuildFile; fileRef = C10EAC472B1DF078006C1A0D /* DBCryptoDataSource.swift */; };
		C10EAC4A2B1DFEEF006C1A0D /* HomeBuilder.swift in Sources */ = {isa = PBXBuildFile; fileRef = C10EAC492B1DFEEF006C1A0D /* HomeBuilder.swift */; };
		C10EAC4C2B1DFEFA006C1A0D /* HomeViewModel.swift in Sources */ = {isa = PBXBuildFile; fileRef = C10EAC4B2B1DFEFA006C1A0D /* HomeViewModel.swift */; };
		C10EAC4E2B1E0164006C1A0D /* CryptoMockUseCases.swift in Sources */ = {isa = PBXBuildFile; fileRef = C10EAC4D2B1E0164006C1A0D /* CryptoMockUseCases.swift */; };
		C10EAC512B1E0E37006C1A0D /* TabbarView.swift in Sources */ = {isa = PBXBuildFile; fileRef = C10EAC502B1E0E37006C1A0D /* TabbarView.swift */; };
		C10EAC542B1F56F4006C1A0D /* CryptoDBO.swift in Sources */ = {isa = PBXBuildFile; fileRef = C10EAC532B1F56F4006C1A0D /* CryptoDBO.swift */; };
		C10EAC562B1F581A006C1A0D /* CryptoPortfolioDBO.swift in Sources */ = {isa = PBXBuildFile; fileRef = C10EAC552B1F581A006C1A0D /* CryptoPortfolioDBO.swift */; };
		C10EAC592B1F5D30006C1A0D /* SwiftDataManager.swift in Sources */ = {isa = PBXBuildFile; fileRef = C10EAC582B1F5D30006C1A0D /* SwiftDataManager.swift */; };
		C10EAC5B2B1F5D5A006C1A0D /* DBManagerProtocol.swift in Sources */ = {isa = PBXBuildFile; fileRef = C10EAC5A2B1F5D5A006C1A0D /* DBManagerProtocol.swift */; };
		C10EAC5E2B1FBC4F006C1A0D /* Container.swift in Sources */ = {isa = PBXBuildFile; fileRef = C10EAC5D2B1FBC4F006C1A0D /* Container.swift */; };
		C10EAC602B1FCD76006C1A0D /* CryptoPortfolio.swift in Sources */ = {isa = PBXBuildFile; fileRef = C10EAC5F2B1FCD76006C1A0D /* CryptoPortfolio.swift */; };
		C10EAC632B1FD356006C1A0D /* MyPortfolioView.swift in Sources */ = {isa = PBXBuildFile; fileRef = C10EAC622B1FD356006C1A0D /* MyPortfolioView.swift */; };
		C10EAC652B1FD369006C1A0D /* MyPortfolioViewModel.swift in Sources */ = {isa = PBXBuildFile; fileRef = C10EAC642B1FD369006C1A0D /* MyPortfolioViewModel.swift */; };
		C10EAC672B1FD379006C1A0D /* MyPortfolioBuilder.swift in Sources */ = {isa = PBXBuildFile; fileRef = C10EAC662B1FD379006C1A0D /* MyPortfolioBuilder.swift */; };
		C10EAC6A2B20629F006C1A0D /* AddAssetViewModel.swift in Sources */ = {isa = PBXBuildFile; fileRef = C10EAC692B20629F006C1A0D /* AddAssetViewModel.swift */; };
		C10EAC6C2B2062A8006C1A0D /* AddAssetBuilder.swift in Sources */ = {isa = PBXBuildFile; fileRef = C10EAC6B2B2062A8006C1A0D /* AddAssetBuilder.swift */; };
		C10EAC6E2B2062B3006C1A0D /* AddAssetView.swift in Sources */ = {isa = PBXBuildFile; fileRef = C10EAC6D2B2062B3006C1A0D /* AddAssetView.swift */; };
		C10EAC712B206331006C1A0D /* CryptoDetailBuilder.swift in Sources */ = {isa = PBXBuildFile; fileRef = C10EAC702B206331006C1A0D /* CryptoDetailBuilder.swift */; };
		C10EAC732B20633B006C1A0D /* CryptoDetailView.swift in Sources */ = {isa = PBXBuildFile; fileRef = C10EAC722B20633B006C1A0D /* CryptoDetailView.swift */; };
		C10EAC752B206347006C1A0D /* CryptoDetailViewModel.swift in Sources */ = {isa = PBXBuildFile; fileRef = C10EAC742B206347006C1A0D /* CryptoDetailViewModel.swift */; };
		C1527DFF2B4429E5003B0161 /* CryptoHistoryRepository.swift in Sources */ = {isa = PBXBuildFile; fileRef = C1527DFE2B4429E5003B0161 /* CryptoHistoryRepository.swift */; };
		C1527E032B442A28003B0161 /* LocalCryptoHistoryDataSourceProtocol.swift in Sources */ = {isa = PBXBuildFile; fileRef = C1527E022B442A28003B0161 /* LocalCryptoHistoryDataSourceProtocol.swift */; };
		C1527E072B442A48003B0161 /* DBCryptoHistoryDataSource.swift in Sources */ = {isa = PBXBuildFile; fileRef = C1527E062B442A48003B0161 /* DBCryptoHistoryDataSource.swift */; };
		C1527E092B442A56003B0161 /* CryptoHistoryDBO.swift in Sources */ = {isa = PBXBuildFile; fileRef = C1527E082B442A56003B0161 /* CryptoHistoryDBO.swift */; };
		C1527E0C2B442B3C003B0161 /* RemoteCryptoHistoryDataSourceProtocol.swift in Sources */ = {isa = PBXBuildFile; fileRef = C1527E0B2B442B3C003B0161 /* RemoteCryptoHistoryDataSourceProtocol.swift */; };
		C1527E0F2B442C0E003B0161 /* RemoteCoincapHistoryDataSource.swift in Sources */ = {isa = PBXBuildFile; fileRef = C1527E0E2B442C0E003B0161 /* RemoteCoincapHistoryDataSource.swift */; };
		C1527E122B442C69003B0161 /* CoincapHistoryDTO.swift in Sources */ = {isa = PBXBuildFile; fileRef = C1527E112B442C69003B0161 /* CoincapHistoryDTO.swift */; };
		C1527E152B44379C003B0161 /* CryptoHistoryRepositoryProtocol.swift in Sources */ = {isa = PBXBuildFile; fileRef = C1527E142B44379C003B0161 /* CryptoHistoryRepositoryProtocol.swift */; };
		C1527E182B443941003B0161 /* CryptoHistory.swift in Sources */ = {isa = PBXBuildFile; fileRef = C1527E172B443941003B0161 /* CryptoHistory.swift */; };
		C1527E1C2B4497A5003B0161 /* CoincapHistoryDataDTO.swift in Sources */ = {isa = PBXBuildFile; fileRef = C1527E1B2B4497A5003B0161 /* CoincapHistoryDataDTO.swift */; };
		C1527E1E2B449892003B0161 /* CryptoHistoryUseCase.swift in Sources */ = {isa = PBXBuildFile; fileRef = C1527E1D2B449892003B0161 /* CryptoHistoryUseCase.swift */; };
		C1527E202B4498B4003B0161 /* CryptoHistoryUseCaseProtocol.swift in Sources */ = {isa = PBXBuildFile; fileRef = C1527E1F2B4498B4003B0161 /* CryptoHistoryUseCaseProtocol.swift */; };
		C1527E222B44B821003B0161 /* CryptoHistoryMockUseCases.swift in Sources */ = {isa = PBXBuildFile; fileRef = C1527E212B44B821003B0161 /* CryptoHistoryMockUseCases.swift */; };
		C16281142B32ED5700EDFFF0 /* ProfileBuilder.swift in Sources */ = {isa = PBXBuildFile; fileRef = C16281132B32ED5700EDFFF0 /* ProfileBuilder.swift */; };
		C16282782B3B20A700EDFFF0 /* OnBoardingView.swift in Sources */ = {isa = PBXBuildFile; fileRef = C16282772B3B20A700EDFFF0 /* OnBoardingView.swift */; };
		C162827A2B3B354000EDFFF0 /* OnBoardingViewModel.swift in Sources */ = {isa = PBXBuildFile; fileRef = C16282792B3B354000EDFFF0 /* OnBoardingViewModel.swift */; };
		C162827C2B3B3E6C00EDFFF0 /* OnBoardingBuilder.swift in Sources */ = {isa = PBXBuildFile; fileRef = C162827B2B3B3E6C00EDFFF0 /* OnBoardingBuilder.swift */; };
		C165CE3F2B3D7D930009F873 /* UserMockUseCases.swift in Sources */ = {isa = PBXBuildFile; fileRef = C165CE3E2B3D7D930009F873 /* UserMockUseCases.swift */; };
		C165CE442B3DB3330009F873 /* SplashBuilder.swift in Sources */ = {isa = PBXBuildFile; fileRef = C165CE432B3DB3330009F873 /* SplashBuilder.swift */; };
		C165CE472B3DB3420009F873 /* SplashView.swift in Sources */ = {isa = PBXBuildFile; fileRef = C165CE462B3DB3420009F873 /* SplashView.swift */; };
		C165CE492B3DB3760009F873 /* SplashViewModel.swift in Sources */ = {isa = PBXBuildFile; fileRef = C165CE482B3DB3760009F873 /* SplashViewModel.swift */; };
		C165CE4B2B3DB9C30009F873 /* Screen.swift in Sources */ = {isa = PBXBuildFile; fileRef = C165CE4A2B3DB9C30009F873 /* Screen.swift */; };
		C16D040B2B18BFB60014F906 /* WalletyApp.swift in Sources */ = {isa = PBXBuildFile; fileRef = C16D040A2B18BFB60014F906 /* WalletyApp.swift */; };
		C16D04112B18BFB70014F906 /* Assets.xcassets in Resources */ = {isa = PBXBuildFile; fileRef = C16D04102B18BFB70014F906 /* Assets.xcassets */; };
		C16D04142B18BFB70014F906 /* Preview Assets.xcassets in Resources */ = {isa = PBXBuildFile; fileRef = C16D04132B18BFB70014F906 /* Preview Assets.xcassets */; };
		C16D041F2B18EF190014F906 /* HomeView.swift in Sources */ = {isa = PBXBuildFile; fileRef = C16D041E2B18EF190014F906 /* HomeView.swift */; };
		C17916D12B2270CF00C7798A /* CacheManagerProtocol.swift in Sources */ = {isa = PBXBuildFile; fileRef = C17916D02B2270CF00C7798A /* CacheManagerProtocol.swift */; };
		C17916D32B2270DF00C7798A /* UserDefaultsManager.swift in Sources */ = {isa = PBXBuildFile; fileRef = C17916D22B2270DF00C7798A /* UserDefaultsManager.swift */; };
		C17916D72B22729800C7798A /* CryptoUpdatedDTO.swift in Sources */ = {isa = PBXBuildFile; fileRef = C17916D62B22729800C7798A /* CryptoUpdatedDTO.swift */; };
		C17916D92B238BFE00C7798A /* DefaultTabbarView.swift in Sources */ = {isa = PBXBuildFile; fileRef = C17916D82B238BFE00C7798A /* DefaultTabbarView.swift */; };
		C17916DC2B24C51F00C7798A /* ProfileView.swift in Sources */ = {isa = PBXBuildFile; fileRef = C17916DB2B24C51F00C7798A /* ProfileView.swift */; };
		C17916DE2B24C5CD00C7798A /* ProfileViewModel.swift in Sources */ = {isa = PBXBuildFile; fileRef = C17916DD2B24C5CD00C7798A /* ProfileViewModel.swift */; };
		C17916E12B25B46700C7798A /* DBRatesDataSource.swift in Sources */ = {isa = PBXBuildFile; fileRef = C17916E02B25B46600C7798A /* DBRatesDataSource.swift */; };
		C17916E52B25B48100C7798A /* LocalRatesDataSourceProtocol.swift in Sources */ = {isa = PBXBuildFile; fileRef = C17916E42B25B48100C7798A /* LocalRatesDataSourceProtocol.swift */; };
		C17916E72B25B49200C7798A /* RemoteRatesDataSourceProtocol.swift in Sources */ = {isa = PBXBuildFile; fileRef = C17916E62B25B49200C7798A /* RemoteRatesDataSourceProtocol.swift */; };
		C17916EA2B25B4B200C7798A /* CoincapRatesDataSource.swift in Sources */ = {isa = PBXBuildFile; fileRef = C17916E92B25B4B200C7798A /* CoincapRatesDataSource.swift */; };
		C17916EE2B25B54300C7798A /* RateDTO.swift in Sources */ = {isa = PBXBuildFile; fileRef = C17916ED2B25B54300C7798A /* RateDTO.swift */; };
		C17916F12B25B7CB00C7798A /* RateDBO.swift in Sources */ = {isa = PBXBuildFile; fileRef = C17916F02B25B7CB00C7798A /* RateDBO.swift */; };
		C17916F42B25BA3300C7798A /* RatesRepositoryProtocol.swift in Sources */ = {isa = PBXBuildFile; fileRef = C17916F32B25BA3300C7798A /* RatesRepositoryProtocol.swift */; };
		C17916F62B25BA6C00C7798A /* Rate.swift in Sources */ = {isa = PBXBuildFile; fileRef = C17916F52B25BA6C00C7798A /* Rate.swift */; };
		C17916F92B26525E00C7798A /* RatesRepository.swift in Sources */ = {isa = PBXBuildFile; fileRef = C17916F82B26525D00C7798A /* RatesRepository.swift */; };
		C17916FC2B27271E00C7798A /* RatesUseCasesProtocol.swift in Sources */ = {isa = PBXBuildFile; fileRef = C17916FB2B27271E00C7798A /* RatesUseCasesProtocol.swift */; };
		C17916FE2B27272900C7798A /* RatesUseCases.swift in Sources */ = {isa = PBXBuildFile; fileRef = C17916FD2B27272900C7798A /* RatesUseCases.swift */; };
		C17917012B27280B00C7798A /* CryptoPortfolioUseCasesProtocol.swift in Sources */ = {isa = PBXBuildFile; fileRef = C17917002B27280B00C7798A /* CryptoPortfolioUseCasesProtocol.swift */; };
		C17917032B27281E00C7798A /* CryptoPortfolioUseCases.swift in Sources */ = {isa = PBXBuildFile; fileRef = C17917022B27281E00C7798A /* CryptoPortfolioUseCases.swift */; };
		C17917052B27364B00C7798A /* RatesMockUseCases.swift in Sources */ = {isa = PBXBuildFile; fileRef = C17917042B27364B00C7798A /* RatesMockUseCases.swift */; };
		C17917082B273D2F00C7798A /* RateInfoDTO.swift in Sources */ = {isa = PBXBuildFile; fileRef = C17917072B273D2F00C7798A /* RateInfoDTO.swift */; };
		C194F8882B656F7F00885D0A /* UpdateInfoUDManager.swift in Sources */ = {isa = PBXBuildFile; fileRef = C194F8872B656F7F00885D0A /* UpdateInfoUDManager.swift */; };
		C194F88A2B6576E300885D0A /* UpdateInfoManagerProtocol.swift in Sources */ = {isa = PBXBuildFile; fileRef = C194F8892B6576E300885D0A /* UpdateInfoManagerProtocol.swift */; };
		C194F88E2B65A5C800885D0A /* CacheAsyncImage.swift in Sources */ = {isa = PBXBuildFile; fileRef = C194F88D2B65A5C800885D0A /* CacheAsyncImage.swift */; };
		C194F8912B65A95F00885D0A /* Kingfisher in Frameworks */ = {isa = PBXBuildFile; productRef = C194F8902B65A95F00885D0A /* Kingfisher */; };
		C194F8942B65AB7A00885D0A /* FirebaseAnalytics in Frameworks */ = {isa = PBXBuildFile; productRef = C194F8932B65AB7A00885D0A /* FirebaseAnalytics */; };
		C194F8962B65AB7A00885D0A /* FirebaseAnalyticsOnDeviceConversion in Frameworks */ = {isa = PBXBuildFile; productRef = C194F8952B65AB7A00885D0A /* FirebaseAnalyticsOnDeviceConversion */; };
		C194F8982B65AB7A00885D0A /* FirebaseAnalyticsSwift in Frameworks */ = {isa = PBXBuildFile; productRef = C194F8972B65AB7A00885D0A /* FirebaseAnalyticsSwift */; };
		C194F89A2B65AB7A00885D0A /* FirebaseAnalyticsWithoutAdIdSupport in Frameworks */ = {isa = PBXBuildFile; productRef = C194F8992B65AB7A00885D0A /* FirebaseAnalyticsWithoutAdIdSupport */; };
		C194F89C2B65AB7A00885D0A /* FirebaseAppCheck in Frameworks */ = {isa = PBXBuildFile; productRef = C194F89B2B65AB7A00885D0A /* FirebaseAppCheck */; };
		C194F89E2B65AC1700885D0A /* AppDelegate.swift in Sources */ = {isa = PBXBuildFile; fileRef = C194F89D2B65AC1700885D0A /* AppDelegate.swift */; };
		C194F8A02B65AC4100885D0A /* GoogleService-Info.plist in Resources */ = {isa = PBXBuildFile; fileRef = C194F89F2B65AC4100885D0A /* GoogleService-Info.plist */; };
		C194F8A42B663A5900885D0A /* FirebaseCrashlytics in Frameworks */ = {isa = PBXBuildFile; productRef = C194F8A32B663A5900885D0A /* FirebaseCrashlytics */; };
		C194F8A62B6640BC00885D0A /* NavigationBackButtonNoTitle.swift in Sources */ = {isa = PBXBuildFile; fileRef = C194F8A52B6640BC00885D0A /* NavigationBackButtonNoTitle.swift */; };
		C197169B2B3C2F8B0079A7B7 /* LargeButtonStyle.swift in Sources */ = {isa = PBXBuildFile; fileRef = C197169A2B3C2F8B0079A7B7 /* LargeButtonStyle.swift */; };
		C19716A32B3C55600079A7B7 /* FavoriteCryptoDBO.swift in Sources */ = {isa = PBXBuildFile; fileRef = C19716A22B3C55600079A7B7 /* FavoriteCryptoDBO.swift */; };
		C1D191FA2B975B20002AB872 /* Banner.swift in Sources */ = {isa = PBXBuildFile; fileRef = C1D191F92B975B20002AB872 /* Banner.swift */; };
		C1DFE3482B3CCAC500F4086F /* UserUseCases.swift in Sources */ = {isa = PBXBuildFile; fileRef = C1DFE3472B3CCAC500F4086F /* UserUseCases.swift */; };
		C1DFE34A2B3CCAD800F4086F /* UserUseCasesProtocol.swift in Sources */ = {isa = PBXBuildFile; fileRef = C1DFE3492B3CCAD800F4086F /* UserUseCasesProtocol.swift */; };
		C1DFE34D2B3CCB5E00F4086F /* UserRepositoryProtocol.swift in Sources */ = {isa = PBXBuildFile; fileRef = C1DFE34C2B3CCB5E00F4086F /* UserRepositoryProtocol.swift */; };
		C1DFE3512B3CCB9600F4086F /* UserRepository.swift in Sources */ = {isa = PBXBuildFile; fileRef = C1DFE3502B3CCB9600F4086F /* UserRepository.swift */; };
		C1DFE3532B3CCBBF00F4086F /* UserDataSourceProtocol.swift in Sources */ = {isa = PBXBuildFile; fileRef = C1DFE3522B3CCBBF00F4086F /* UserDataSourceProtocol.swift */; };
		C1DFE3562B3CCBE500F4086F /* UDUserDataSource.swift in Sources */ = {isa = PBXBuildFile; fileRef = C1DFE3552B3CCBE500F4086F /* UDUserDataSource.swift */; };
		C1DFE3592B3CCCC800F4086F /* UserDTO.swift in Sources */ = {isa = PBXBuildFile; fileRef = C1DFE3582B3CCCC800F4086F /* UserDTO.swift */; };
		C1DFE35B2B3CCE4C00F4086F /* User.swift in Sources */ = {isa = PBXBuildFile; fileRef = C1DFE35A2B3CCE4C00F4086F /* User.swift */; };
		C1F8260D2B29AFE3007AE951 /* UDRatesDataSource.swift in Sources */ = {isa = PBXBuildFile; fileRef = C1F8260C2B29AFE3007AE951 /* UDRatesDataSource.swift */; };
		C1F826102B29B108007AE951 /* CacheRatesDataSourceProtocol.swift in Sources */ = {isa = PBXBuildFile; fileRef = C1F8260F2B29B108007AE951 /* CacheRatesDataSourceProtocol.swift */; };
		C1F826132B29B14C007AE951 /* CacheRateDTO.swift in Sources */ = {isa = PBXBuildFile; fileRef = C1F826122B29B14C007AE951 /* CacheRateDTO.swift */; };
/* End PBXBuildFile section */

/* Begin PBXFileReference section */
		C10302732B321FC2005E8C54 /* LocalCryptoPortfolioDataSourceProtocol.swift */ = {isa = PBXFileReference; lastKnownFileType = sourcecode.swift; path = LocalCryptoPortfolioDataSourceProtocol.swift; sourceTree = "<group>"; };
		C10302762B322035005E8C54 /* DBCryptoPortfolioDataSource.swift */ = {isa = PBXFileReference; lastKnownFileType = sourcecode.swift; path = DBCryptoPortfolioDataSource.swift; sourceTree = "<group>"; };
		C103027A2B32219E005E8C54 /* CryptoPortfolioRepository.swift */ = {isa = PBXFileReference; lastKnownFileType = sourcecode.swift; path = CryptoPortfolioRepository.swift; sourceTree = "<group>"; };
		C103027D2B322346005E8C54 /* CryptoPortfolioRespositoryProtocol.swift */ = {isa = PBXFileReference; lastKnownFileType = sourcecode.swift; path = CryptoPortfolioRespositoryProtocol.swift; sourceTree = "<group>"; };
		C103027F2B3227A0005E8C54 /* CryptoPortfolioMockUseCases.swift */ = {isa = PBXFileReference; lastKnownFileType = sourcecode.swift; path = CryptoPortfolioMockUseCases.swift; sourceTree = "<group>"; };
		C10EAC1C2B1D22AB006C1A0D /* LocalCryptoDataSourceProtocol.swift */ = {isa = PBXFileReference; lastKnownFileType = sourcecode.swift; path = LocalCryptoDataSourceProtocol.swift; sourceTree = "<group>"; };
		C10EAC1E2B1D22C2006C1A0D /* RemoteCryptoDataSourceProtocol.swift */ = {isa = PBXFileReference; lastKnownFileType = sourcecode.swift; path = RemoteCryptoDataSourceProtocol.swift; sourceTree = "<group>"; };
		C10EAC212B1D2369006C1A0D /* RemoteCoincapDataSource.swift */ = {isa = PBXFileReference; lastKnownFileType = sourcecode.swift; path = RemoteCoincapDataSource.swift; sourceTree = "<group>"; };
		C10EAC272B1DDE45006C1A0D /* RemoteManagerProtocol.swift */ = {isa = PBXFileReference; lastKnownFileType = sourcecode.swift; path = RemoteManagerProtocol.swift; sourceTree = "<group>"; };
		C10EAC292B1DDE51006C1A0D /* RemoteManager.swift */ = {isa = PBXFileReference; lastKnownFileType = sourcecode.swift; path = RemoteManager.swift; sourceTree = "<group>"; };
		C10EAC2C2B1DDEE4006C1A0D /* CryptoCoinCapDTO.swift */ = {isa = PBXFileReference; lastKnownFileType = sourcecode.swift; path = CryptoCoinCapDTO.swift; sourceTree = "<group>"; };
		C10EAC2E2B1DDF2C006C1A0D /* CryptoCoinCapDataDTO.swift */ = {isa = PBXFileReference; lastKnownFileType = sourcecode.swift; path = CryptoCoinCapDataDTO.swift; sourceTree = "<group>"; };
		C10EAC312B1DDFA1006C1A0D /* CryptoRepositoryProtocol.swift */ = {isa = PBXFileReference; lastKnownFileType = sourcecode.swift; path = CryptoRepositoryProtocol.swift; sourceTree = "<group>"; };
		C10EAC332B1DDFD5006C1A0D /* Crypto.swift */ = {isa = PBXFileReference; lastKnownFileType = sourcecode.swift; path = Crypto.swift; sourceTree = "<group>"; };
		C10EAC362B1DE028006C1A0D /* CryptoRepository.swift */ = {isa = PBXFileReference; lastKnownFileType = sourcecode.swift; path = CryptoRepository.swift; sourceTree = "<group>"; };
		C10EAC3A2B1DE108006C1A0D /* CryptoUseCasesProtocol.swift */ = {isa = PBXFileReference; lastKnownFileType = sourcecode.swift; path = CryptoUseCasesProtocol.swift; sourceTree = "<group>"; };
		C10EAC3C2B1DE112006C1A0D /* CryptoUseCases.swift */ = {isa = PBXFileReference; lastKnownFileType = sourcecode.swift; path = CryptoUseCases.swift; sourceTree = "<group>"; };
		C10EAC402B1DE19B006C1A0D /* TopCryptosViewModel.swift */ = {isa = PBXFileReference; lastKnownFileType = sourcecode.swift; path = TopCryptosViewModel.swift; sourceTree = "<group>"; };
		C10EAC422B1DE1A7006C1A0D /* TopCryptosView.swift */ = {isa = PBXFileReference; lastKnownFileType = sourcecode.swift; path = TopCryptosView.swift; sourceTree = "<group>"; };
		C10EAC442B1DE5EB006C1A0D /* TopCryptosBuilder.swift */ = {isa = PBXFileReference; lastKnownFileType = sourcecode.swift; path = TopCryptosBuilder.swift; sourceTree = "<group>"; };
		C10EAC472B1DF078006C1A0D /* DBCryptoDataSource.swift */ = {isa = PBXFileReference; lastKnownFileType = sourcecode.swift; path = DBCryptoDataSource.swift; sourceTree = "<group>"; };
		C10EAC492B1DFEEF006C1A0D /* HomeBuilder.swift */ = {isa = PBXFileReference; lastKnownFileType = sourcecode.swift; path = HomeBuilder.swift; sourceTree = "<group>"; };
		C10EAC4B2B1DFEFA006C1A0D /* HomeViewModel.swift */ = {isa = PBXFileReference; lastKnownFileType = sourcecode.swift; path = HomeViewModel.swift; sourceTree = "<group>"; };
		C10EAC4D2B1E0164006C1A0D /* CryptoMockUseCases.swift */ = {isa = PBXFileReference; lastKnownFileType = sourcecode.swift; path = CryptoMockUseCases.swift; sourceTree = "<group>"; };
		C10EAC502B1E0E37006C1A0D /* TabbarView.swift */ = {isa = PBXFileReference; lastKnownFileType = sourcecode.swift; path = TabbarView.swift; sourceTree = "<group>"; };
		C10EAC532B1F56F4006C1A0D /* CryptoDBO.swift */ = {isa = PBXFileReference; lastKnownFileType = sourcecode.swift; path = CryptoDBO.swift; sourceTree = "<group>"; };
		C10EAC552B1F581A006C1A0D /* CryptoPortfolioDBO.swift */ = {isa = PBXFileReference; lastKnownFileType = sourcecode.swift; path = CryptoPortfolioDBO.swift; sourceTree = "<group>"; };
		C10EAC582B1F5D30006C1A0D /* SwiftDataManager.swift */ = {isa = PBXFileReference; lastKnownFileType = sourcecode.swift; path = SwiftDataManager.swift; sourceTree = "<group>"; };
		C10EAC5A2B1F5D5A006C1A0D /* DBManagerProtocol.swift */ = {isa = PBXFileReference; lastKnownFileType = sourcecode.swift; path = DBManagerProtocol.swift; sourceTree = "<group>"; };
		C10EAC5D2B1FBC4F006C1A0D /* Container.swift */ = {isa = PBXFileReference; lastKnownFileType = sourcecode.swift; path = Container.swift; sourceTree = "<group>"; };
		C10EAC5F2B1FCD76006C1A0D /* CryptoPortfolio.swift */ = {isa = PBXFileReference; lastKnownFileType = sourcecode.swift; path = CryptoPortfolio.swift; sourceTree = "<group>"; };
		C10EAC622B1FD356006C1A0D /* MyPortfolioView.swift */ = {isa = PBXFileReference; lastKnownFileType = sourcecode.swift; path = MyPortfolioView.swift; sourceTree = "<group>"; };
		C10EAC642B1FD369006C1A0D /* MyPortfolioViewModel.swift */ = {isa = PBXFileReference; lastKnownFileType = sourcecode.swift; path = MyPortfolioViewModel.swift; sourceTree = "<group>"; };
		C10EAC662B1FD379006C1A0D /* MyPortfolioBuilder.swift */ = {isa = PBXFileReference; lastKnownFileType = sourcecode.swift; path = MyPortfolioBuilder.swift; sourceTree = "<group>"; };
		C10EAC692B20629F006C1A0D /* AddAssetViewModel.swift */ = {isa = PBXFileReference; lastKnownFileType = sourcecode.swift; path = AddAssetViewModel.swift; sourceTree = "<group>"; };
		C10EAC6B2B2062A8006C1A0D /* AddAssetBuilder.swift */ = {isa = PBXFileReference; lastKnownFileType = sourcecode.swift; path = AddAssetBuilder.swift; sourceTree = "<group>"; };
		C10EAC6D2B2062B3006C1A0D /* AddAssetView.swift */ = {isa = PBXFileReference; lastKnownFileType = sourcecode.swift; path = AddAssetView.swift; sourceTree = "<group>"; };
		C10EAC702B206331006C1A0D /* CryptoDetailBuilder.swift */ = {isa = PBXFileReference; lastKnownFileType = sourcecode.swift; path = CryptoDetailBuilder.swift; sourceTree = "<group>"; };
		C10EAC722B20633B006C1A0D /* CryptoDetailView.swift */ = {isa = PBXFileReference; lastKnownFileType = sourcecode.swift; path = CryptoDetailView.swift; sourceTree = "<group>"; };
		C10EAC742B206347006C1A0D /* CryptoDetailViewModel.swift */ = {isa = PBXFileReference; lastKnownFileType = sourcecode.swift; path = CryptoDetailViewModel.swift; sourceTree = "<group>"; };
		C1527DFE2B4429E5003B0161 /* CryptoHistoryRepository.swift */ = {isa = PBXFileReference; lastKnownFileType = sourcecode.swift; path = CryptoHistoryRepository.swift; sourceTree = "<group>"; };
		C1527E022B442A28003B0161 /* LocalCryptoHistoryDataSourceProtocol.swift */ = {isa = PBXFileReference; lastKnownFileType = sourcecode.swift; path = LocalCryptoHistoryDataSourceProtocol.swift; sourceTree = "<group>"; };
		C1527E062B442A48003B0161 /* DBCryptoHistoryDataSource.swift */ = {isa = PBXFileReference; lastKnownFileType = sourcecode.swift; path = DBCryptoHistoryDataSource.swift; sourceTree = "<group>"; };
		C1527E082B442A56003B0161 /* CryptoHistoryDBO.swift */ = {isa = PBXFileReference; lastKnownFileType = sourcecode.swift; path = CryptoHistoryDBO.swift; sourceTree = "<group>"; };
		C1527E0B2B442B3C003B0161 /* RemoteCryptoHistoryDataSourceProtocol.swift */ = {isa = PBXFileReference; lastKnownFileType = sourcecode.swift; path = RemoteCryptoHistoryDataSourceProtocol.swift; sourceTree = "<group>"; };
		C1527E0E2B442C0E003B0161 /* RemoteCoincapHistoryDataSource.swift */ = {isa = PBXFileReference; lastKnownFileType = sourcecode.swift; path = RemoteCoincapHistoryDataSource.swift; sourceTree = "<group>"; };
		C1527E112B442C69003B0161 /* CoincapHistoryDTO.swift */ = {isa = PBXFileReference; lastKnownFileType = sourcecode.swift; path = CoincapHistoryDTO.swift; sourceTree = "<group>"; };
		C1527E142B44379C003B0161 /* CryptoHistoryRepositoryProtocol.swift */ = {isa = PBXFileReference; lastKnownFileType = sourcecode.swift; path = CryptoHistoryRepositoryProtocol.swift; sourceTree = "<group>"; };
		C1527E172B443941003B0161 /* CryptoHistory.swift */ = {isa = PBXFileReference; lastKnownFileType = sourcecode.swift; path = CryptoHistory.swift; sourceTree = "<group>"; };
		C1527E1B2B4497A5003B0161 /* CoincapHistoryDataDTO.swift */ = {isa = PBXFileReference; lastKnownFileType = sourcecode.swift; path = CoincapHistoryDataDTO.swift; sourceTree = "<group>"; };
		C1527E1D2B449892003B0161 /* CryptoHistoryUseCase.swift */ = {isa = PBXFileReference; lastKnownFileType = sourcecode.swift; path = CryptoHistoryUseCase.swift; sourceTree = "<group>"; };
		C1527E1F2B4498B4003B0161 /* CryptoHistoryUseCaseProtocol.swift */ = {isa = PBXFileReference; lastKnownFileType = sourcecode.swift; path = CryptoHistoryUseCaseProtocol.swift; sourceTree = "<group>"; };
		C1527E212B44B821003B0161 /* CryptoHistoryMockUseCases.swift */ = {isa = PBXFileReference; lastKnownFileType = sourcecode.swift; path = CryptoHistoryMockUseCases.swift; sourceTree = "<group>"; };
		C16281132B32ED5700EDFFF0 /* ProfileBuilder.swift */ = {isa = PBXFileReference; lastKnownFileType = sourcecode.swift; path = ProfileBuilder.swift; sourceTree = "<group>"; };
		C16282772B3B20A700EDFFF0 /* OnBoardingView.swift */ = {isa = PBXFileReference; lastKnownFileType = sourcecode.swift; path = OnBoardingView.swift; sourceTree = "<group>"; };
		C16282792B3B354000EDFFF0 /* OnBoardingViewModel.swift */ = {isa = PBXFileReference; lastKnownFileType = sourcecode.swift; path = OnBoardingViewModel.swift; sourceTree = "<group>"; };
		C162827B2B3B3E6C00EDFFF0 /* OnBoardingBuilder.swift */ = {isa = PBXFileReference; lastKnownFileType = sourcecode.swift; path = OnBoardingBuilder.swift; sourceTree = "<group>"; };
		C165CE3E2B3D7D930009F873 /* UserMockUseCases.swift */ = {isa = PBXFileReference; lastKnownFileType = sourcecode.swift; path = UserMockUseCases.swift; sourceTree = "<group>"; };
		C165CE432B3DB3330009F873 /* SplashBuilder.swift */ = {isa = PBXFileReference; lastKnownFileType = sourcecode.swift; path = SplashBuilder.swift; sourceTree = "<group>"; };
		C165CE462B3DB3420009F873 /* SplashView.swift */ = {isa = PBXFileReference; lastKnownFileType = sourcecode.swift; path = SplashView.swift; sourceTree = "<group>"; };
		C165CE482B3DB3760009F873 /* SplashViewModel.swift */ = {isa = PBXFileReference; lastKnownFileType = sourcecode.swift; path = SplashViewModel.swift; sourceTree = "<group>"; };
		C165CE4A2B3DB9C30009F873 /* Screen.swift */ = {isa = PBXFileReference; lastKnownFileType = sourcecode.swift; path = Screen.swift; sourceTree = "<group>"; };
		C16D04072B18BFB60014F906 /* wallety.app */ = {isa = PBXFileReference; explicitFileType = wrapper.application; includeInIndex = 0; path = wallety.app; sourceTree = BUILT_PRODUCTS_DIR; };
		C16D040A2B18BFB60014F906 /* WalletyApp.swift */ = {isa = PBXFileReference; lastKnownFileType = sourcecode.swift; path = WalletyApp.swift; sourceTree = "<group>"; };
		C16D04102B18BFB70014F906 /* Assets.xcassets */ = {isa = PBXFileReference; lastKnownFileType = folder.assetcatalog; path = Assets.xcassets; sourceTree = "<group>"; };
		C16D04132B18BFB70014F906 /* Preview Assets.xcassets */ = {isa = PBXFileReference; lastKnownFileType = folder.assetcatalog; path = "Preview Assets.xcassets"; sourceTree = "<group>"; };
		C16D041E2B18EF190014F906 /* HomeView.swift */ = {isa = PBXFileReference; lastKnownFileType = sourcecode.swift; path = HomeView.swift; sourceTree = "<group>"; };
		C17916D02B2270CF00C7798A /* CacheManagerProtocol.swift */ = {isa = PBXFileReference; lastKnownFileType = sourcecode.swift; path = CacheManagerProtocol.swift; sourceTree = "<group>"; };
		C17916D22B2270DF00C7798A /* UserDefaultsManager.swift */ = {isa = PBXFileReference; lastKnownFileType = sourcecode.swift; path = UserDefaultsManager.swift; sourceTree = "<group>"; };
		C17916D62B22729800C7798A /* CryptoUpdatedDTO.swift */ = {isa = PBXFileReference; lastKnownFileType = sourcecode.swift; path = CryptoUpdatedDTO.swift; sourceTree = "<group>"; };
		C17916D82B238BFE00C7798A /* DefaultTabbarView.swift */ = {isa = PBXFileReference; lastKnownFileType = sourcecode.swift; path = DefaultTabbarView.swift; sourceTree = "<group>"; };
		C17916DB2B24C51F00C7798A /* ProfileView.swift */ = {isa = PBXFileReference; lastKnownFileType = sourcecode.swift; path = ProfileView.swift; sourceTree = "<group>"; };
		C17916DD2B24C5CD00C7798A /* ProfileViewModel.swift */ = {isa = PBXFileReference; lastKnownFileType = sourcecode.swift; path = ProfileViewModel.swift; sourceTree = "<group>"; };
		C17916E02B25B46600C7798A /* DBRatesDataSource.swift */ = {isa = PBXFileReference; lastKnownFileType = sourcecode.swift; path = DBRatesDataSource.swift; sourceTree = "<group>"; };
		C17916E42B25B48100C7798A /* LocalRatesDataSourceProtocol.swift */ = {isa = PBXFileReference; lastKnownFileType = sourcecode.swift; path = LocalRatesDataSourceProtocol.swift; sourceTree = "<group>"; };
		C17916E62B25B49200C7798A /* RemoteRatesDataSourceProtocol.swift */ = {isa = PBXFileReference; lastKnownFileType = sourcecode.swift; path = RemoteRatesDataSourceProtocol.swift; sourceTree = "<group>"; };
		C17916E92B25B4B200C7798A /* CoincapRatesDataSource.swift */ = {isa = PBXFileReference; lastKnownFileType = sourcecode.swift; path = CoincapRatesDataSource.swift; sourceTree = "<group>"; };
		C17916ED2B25B54300C7798A /* RateDTO.swift */ = {isa = PBXFileReference; lastKnownFileType = sourcecode.swift; path = RateDTO.swift; sourceTree = "<group>"; };
		C17916F02B25B7CB00C7798A /* RateDBO.swift */ = {isa = PBXFileReference; lastKnownFileType = sourcecode.swift; path = RateDBO.swift; sourceTree = "<group>"; };
		C17916F32B25BA3300C7798A /* RatesRepositoryProtocol.swift */ = {isa = PBXFileReference; lastKnownFileType = sourcecode.swift; path = RatesRepositoryProtocol.swift; sourceTree = "<group>"; };
		C17916F52B25BA6C00C7798A /* Rate.swift */ = {isa = PBXFileReference; lastKnownFileType = sourcecode.swift; path = Rate.swift; sourceTree = "<group>"; };
		C17916F82B26525D00C7798A /* RatesRepository.swift */ = {isa = PBXFileReference; lastKnownFileType = sourcecode.swift; path = RatesRepository.swift; sourceTree = "<group>"; };
		C17916FB2B27271E00C7798A /* RatesUseCasesProtocol.swift */ = {isa = PBXFileReference; lastKnownFileType = sourcecode.swift; path = RatesUseCasesProtocol.swift; sourceTree = "<group>"; };
		C17916FD2B27272900C7798A /* RatesUseCases.swift */ = {isa = PBXFileReference; lastKnownFileType = sourcecode.swift; path = RatesUseCases.swift; sourceTree = "<group>"; };
		C17917002B27280B00C7798A /* CryptoPortfolioUseCasesProtocol.swift */ = {isa = PBXFileReference; lastKnownFileType = sourcecode.swift; path = CryptoPortfolioUseCasesProtocol.swift; sourceTree = "<group>"; };
		C17917022B27281E00C7798A /* CryptoPortfolioUseCases.swift */ = {isa = PBXFileReference; lastKnownFileType = sourcecode.swift; path = CryptoPortfolioUseCases.swift; sourceTree = "<group>"; };
		C17917042B27364B00C7798A /* RatesMockUseCases.swift */ = {isa = PBXFileReference; lastKnownFileType = sourcecode.swift; path = RatesMockUseCases.swift; sourceTree = "<group>"; };
		C17917072B273D2F00C7798A /* RateInfoDTO.swift */ = {isa = PBXFileReference; lastKnownFileType = sourcecode.swift; path = RateInfoDTO.swift; sourceTree = "<group>"; };
		C194F8872B656F7F00885D0A /* UpdateInfoUDManager.swift */ = {isa = PBXFileReference; lastKnownFileType = sourcecode.swift; path = UpdateInfoUDManager.swift; sourceTree = "<group>"; };
		C194F8892B6576E300885D0A /* UpdateInfoManagerProtocol.swift */ = {isa = PBXFileReference; lastKnownFileType = sourcecode.swift; path = UpdateInfoManagerProtocol.swift; sourceTree = "<group>"; };
		C194F88D2B65A5C800885D0A /* CacheAsyncImage.swift */ = {isa = PBXFileReference; lastKnownFileType = sourcecode.swift; path = CacheAsyncImage.swift; sourceTree = "<group>"; };
		C194F89D2B65AC1700885D0A /* AppDelegate.swift */ = {isa = PBXFileReference; lastKnownFileType = sourcecode.swift; path = AppDelegate.swift; sourceTree = "<group>"; };
		C194F89F2B65AC4100885D0A /* GoogleService-Info.plist */ = {isa = PBXFileReference; fileEncoding = 4; lastKnownFileType = text.plist.xml; path = "GoogleService-Info.plist"; sourceTree = "<group>"; };
		C194F8A52B6640BC00885D0A /* NavigationBackButtonNoTitle.swift */ = {isa = PBXFileReference; lastKnownFileType = sourcecode.swift; path = NavigationBackButtonNoTitle.swift; sourceTree = "<group>"; };
		C197169A2B3C2F8B0079A7B7 /* LargeButtonStyle.swift */ = {isa = PBXFileReference; lastKnownFileType = sourcecode.swift; path = LargeButtonStyle.swift; sourceTree = "<group>"; };
		C19716A22B3C55600079A7B7 /* FavoriteCryptoDBO.swift */ = {isa = PBXFileReference; lastKnownFileType = sourcecode.swift; path = FavoriteCryptoDBO.swift; sourceTree = "<group>"; };
		C1D191F92B975B20002AB872 /* Banner.swift */ = {isa = PBXFileReference; lastKnownFileType = sourcecode.swift; path = Banner.swift; sourceTree = "<group>"; };
		C1DE37AC2B934E5E009F1780 /* Info.plist */ = {isa = PBXFileReference; lastKnownFileType = text.plist; path = Info.plist; sourceTree = "<group>"; };
		C1DFE3472B3CCAC500F4086F /* UserUseCases.swift */ = {isa = PBXFileReference; lastKnownFileType = sourcecode.swift; path = UserUseCases.swift; sourceTree = "<group>"; };
		C1DFE3492B3CCAD800F4086F /* UserUseCasesProtocol.swift */ = {isa = PBXFileReference; lastKnownFileType = sourcecode.swift; path = UserUseCasesProtocol.swift; sourceTree = "<group>"; };
		C1DFE34C2B3CCB5E00F4086F /* UserRepositoryProtocol.swift */ = {isa = PBXFileReference; lastKnownFileType = sourcecode.swift; path = UserRepositoryProtocol.swift; sourceTree = "<group>"; };
		C1DFE3502B3CCB9600F4086F /* UserRepository.swift */ = {isa = PBXFileReference; lastKnownFileType = sourcecode.swift; path = UserRepository.swift; sourceTree = "<group>"; };
		C1DFE3522B3CCBBF00F4086F /* UserDataSourceProtocol.swift */ = {isa = PBXFileReference; lastKnownFileType = sourcecode.swift; path = UserDataSourceProtocol.swift; sourceTree = "<group>"; };
		C1DFE3552B3CCBE500F4086F /* UDUserDataSource.swift */ = {isa = PBXFileReference; lastKnownFileType = sourcecode.swift; path = UDUserDataSource.swift; sourceTree = "<group>"; };
		C1DFE3582B3CCCC800F4086F /* UserDTO.swift */ = {isa = PBXFileReference; lastKnownFileType = sourcecode.swift; path = UserDTO.swift; sourceTree = "<group>"; };
		C1DFE35A2B3CCE4C00F4086F /* User.swift */ = {isa = PBXFileReference; lastKnownFileType = sourcecode.swift; path = User.swift; sourceTree = "<group>"; };
		C1F8260C2B29AFE3007AE951 /* UDRatesDataSource.swift */ = {isa = PBXFileReference; lastKnownFileType = sourcecode.swift; path = UDRatesDataSource.swift; sourceTree = "<group>"; };
		C1F8260F2B29B108007AE951 /* CacheRatesDataSourceProtocol.swift */ = {isa = PBXFileReference; lastKnownFileType = sourcecode.swift; path = CacheRatesDataSourceProtocol.swift; sourceTree = "<group>"; };
		C1F826122B29B14C007AE951 /* CacheRateDTO.swift */ = {isa = PBXFileReference; lastKnownFileType = sourcecode.swift; path = CacheRateDTO.swift; sourceTree = "<group>"; };
/* End PBXFileReference section */

/* Begin PBXFrameworksBuildPhase section */
		C16D04042B18BFB60014F906 /* Frameworks */ = {
			isa = PBXFrameworksBuildPhase;
			buildActionMask = 2147483647;
			files = (
				C194F8982B65AB7A00885D0A /* FirebaseAnalyticsSwift in Frameworks */,
				C194F89A2B65AB7A00885D0A /* FirebaseAnalyticsWithoutAdIdSupport in Frameworks */,
				C194F8942B65AB7A00885D0A /* FirebaseAnalytics in Frameworks */,
				C194F8A42B663A5900885D0A /* FirebaseCrashlytics in Frameworks */,
				C194F8962B65AB7A00885D0A /* FirebaseAnalyticsOnDeviceConversion in Frameworks */,
				C194F89C2B65AB7A00885D0A /* FirebaseAppCheck in Frameworks */,
				C194F8912B65A95F00885D0A /* Kingfisher in Frameworks */,
			);
			runOnlyForDeploymentPostprocessing = 0;
		};
/* End PBXFrameworksBuildPhase section */

/* Begin PBXGroup section */
		C103026E2B321F6A005E8C54 /* CryptoPortfolio */ = {
			isa = PBXGroup;
			children = (
				C10302702B321F78005E8C54 /* Local */,
			);
			path = CryptoPortfolio;
			sourceTree = "<group>";
		};
		C10302702B321F78005E8C54 /* Local */ = {
			isa = PBXGroup;
			children = (
				C10302752B32200D005E8C54 /* DB */,
				C10302732B321FC2005E8C54 /* LocalCryptoPortfolioDataSourceProtocol.swift */,
			);
			path = Local;
			sourceTree = "<group>";
		};
		C10302752B32200D005E8C54 /* DB */ = {
			isa = PBXGroup;
			children = (
				C10302782B3220B3005E8C54 /* Table */,
				C10302762B322035005E8C54 /* DBCryptoPortfolioDataSource.swift */,
			);
			path = DB;
			sourceTree = "<group>";
		};
		C10302782B3220B3005E8C54 /* Table */ = {
			isa = PBXGroup;
			children = (
				C10EAC552B1F581A006C1A0D /* CryptoPortfolioDBO.swift */,
			);
			path = Table;
			sourceTree = "<group>";
		};
		C10302792B32218B005E8C54 /* CryptoPortfolio */ = {
			isa = PBXGroup;
			children = (
				C103027A2B32219E005E8C54 /* CryptoPortfolioRepository.swift */,
			);
			path = CryptoPortfolio;
			sourceTree = "<group>";
		};
		C103027C2B322326005E8C54 /* CryptoPortfolio */ = {
			isa = PBXGroup;
			children = (
				C103027D2B322346005E8C54 /* CryptoPortfolioRespositoryProtocol.swift */,
			);
			path = CryptoPortfolio;
			sourceTree = "<group>";
		};
		C10EAC0A2B19D8C0006C1A0D /* Resources */ = {
			isa = PBXGroup;
			children = (
				C16D04102B18BFB70014F906 /* Assets.xcassets */,
			);
			path = Resources;
			sourceTree = "<group>";
		};
		C10EAC0B2B1B262C006C1A0D /* Domain */ = {
			isa = PBXGroup;
			children = (
				C10EAC102B1B2658006C1A0D /* Repositories */,
				C10EAC112B1B265F006C1A0D /* UseCases */,
				C10EAC0F2B1B2653006C1A0D /* Entities */,
			);
			path = Domain;
			sourceTree = "<group>";
		};
		C10EAC0C2B1B2631006C1A0D /* Data */ = {
			isa = PBXGroup;
			children = (
				C10EAC252B1DDE2D006C1A0D /* Managers */,
				C10EAC0E2B1B2647006C1A0D /* Repositories */,
				C10EAC0D2B1B2641006C1A0D /* DataSources */,
			);
			path = Data;
			sourceTree = "<group>";
		};
		C10EAC0D2B1B2641006C1A0D /* DataSources */ = {
			isa = PBXGroup;
			children = (
				C10EAC192B1D2245006C1A0D /* Crypto */,
				C103026E2B321F6A005E8C54 /* CryptoPortfolio */,
				C1527E002B442A06003B0161 /* CryptoHistory */,
				C1DFE34E2B3CCB7800F4086F /* User */,
				C17916DF2B25B44F00C7798A /* Rates */,
			);
			path = DataSources;
			sourceTree = "<group>";
		};
		C10EAC0E2B1B2647006C1A0D /* Repositories */ = {
			isa = PBXGroup;
			children = (
				C10EAC352B1DE012006C1A0D /* Crypto */,
				C1527DFD2B4429A8003B0161 /* CryptoHistory */,
				C10302792B32218B005E8C54 /* CryptoPortfolio */,
				C1DFE34F2B3CCB8600F4086F /* User */,
				C17916F72B26524D00C7798A /* Rates */,
			);
			path = Repositories;
			sourceTree = "<group>";
		};
		C10EAC0F2B1B2653006C1A0D /* Entities */ = {
			isa = PBXGroup;
			children = (
				C10EAC332B1DDFD5006C1A0D /* Crypto.swift */,
				C1527E172B443941003B0161 /* CryptoHistory.swift */,
				C10EAC5F2B1FCD76006C1A0D /* CryptoPortfolio.swift */,
				C17916F52B25BA6C00C7798A /* Rate.swift */,
				C1DFE35A2B3CCE4C00F4086F /* User.swift */,
			);
			path = Entities;
			sourceTree = "<group>";
		};
		C10EAC102B1B2658006C1A0D /* Repositories */ = {
			isa = PBXGroup;
			children = (
				C1527E132B443777003B0161 /* CryptoHistory */,
				C1DFE34B2B3CCB4400F4086F /* User */,
				C103027C2B322326005E8C54 /* CryptoPortfolio */,
				C17916F22B25BA1E00C7798A /* Rates */,
				C10EAC302B1DDF96006C1A0D /* Crypto */,
			);
			path = Repositories;
			sourceTree = "<group>";
		};
		C10EAC112B1B265F006C1A0D /* UseCases */ = {
			isa = PBXGroup;
			children = (
				C10EAC382B1DE0EA006C1A0D /* Crypto */,
				C1527E162B443933003B0161 /* CryptoHistory */,
				C17916FF2B2727ED00C7798A /* CryptoPortfolio */,
				C1DFE3462B3CCAB700F4086F /* User */,
				C17916FA2B27270B00C7798A /* Rates */,
			);
			path = UseCases;
			sourceTree = "<group>";
		};
		C10EAC192B1D2245006C1A0D /* Crypto */ = {
			isa = PBXGroup;
			children = (
				C10EAC1B2B1D2261006C1A0D /* Local */,
				C10EAC1A2B1D224F006C1A0D /* Remote */,
			);
			path = Crypto;
			sourceTree = "<group>";
		};
		C10EAC1A2B1D224F006C1A0D /* Remote */ = {
			isa = PBXGroup;
			children = (
				C10EAC202B1D22DF006C1A0D /* coincap */,
				C10EAC1E2B1D22C2006C1A0D /* RemoteCryptoDataSourceProtocol.swift */,
			);
			path = Remote;
			sourceTree = "<group>";
		};
		C10EAC1B2B1D2261006C1A0D /* Local */ = {
			isa = PBXGroup;
			children = (
				C10EAC462B1DEE9E006C1A0D /* DB */,
				C10EAC1C2B1D22AB006C1A0D /* LocalCryptoDataSourceProtocol.swift */,
			);
			path = Local;
			sourceTree = "<group>";
		};
		C10EAC202B1D22DF006C1A0D /* coincap */ = {
			isa = PBXGroup;
			children = (
				C10EAC2B2B1DDED8006C1A0D /* DTO */,
				C10EAC212B1D2369006C1A0D /* RemoteCoincapDataSource.swift */,
			);
			path = coincap;
			sourceTree = "<group>";
		};
		C10EAC252B1DDE2D006C1A0D /* Managers */ = {
			isa = PBXGroup;
			children = (
				C194F8862B656F6800885D0A /* UpdateInfoManager */,
				C17916CF2B2270BF00C7798A /* CacheManager */,
				C10EAC572B1F5D1C006C1A0D /* DBManager */,
				C10EAC262B1DDE38006C1A0D /* RemoteManager */,
			);
			path = Managers;
			sourceTree = "<group>";
		};
		C10EAC262B1DDE38006C1A0D /* RemoteManager */ = {
			isa = PBXGroup;
			children = (
				C10EAC272B1DDE45006C1A0D /* RemoteManagerProtocol.swift */,
				C10EAC292B1DDE51006C1A0D /* RemoteManager.swift */,
			);
			path = RemoteManager;
			sourceTree = "<group>";
		};
		C10EAC2B2B1DDED8006C1A0D /* DTO */ = {
			isa = PBXGroup;
			children = (
				C10EAC2C2B1DDEE4006C1A0D /* CryptoCoinCapDTO.swift */,
				C10EAC2E2B1DDF2C006C1A0D /* CryptoCoinCapDataDTO.swift */,
			);
			path = DTO;
			sourceTree = "<group>";
		};
		C10EAC302B1DDF96006C1A0D /* Crypto */ = {
			isa = PBXGroup;
			children = (
				C10EAC312B1DDFA1006C1A0D /* CryptoRepositoryProtocol.swift */,
			);
			path = Crypto;
			sourceTree = "<group>";
		};
		C10EAC352B1DE012006C1A0D /* Crypto */ = {
			isa = PBXGroup;
			children = (
				C10EAC362B1DE028006C1A0D /* CryptoRepository.swift */,
			);
			path = Crypto;
			sourceTree = "<group>";
		};
		C10EAC382B1DE0EA006C1A0D /* Crypto */ = {
			isa = PBXGroup;
			children = (
				C10EAC3A2B1DE108006C1A0D /* CryptoUseCasesProtocol.swift */,
				C10EAC3C2B1DE112006C1A0D /* CryptoUseCases.swift */,
				C10EAC4D2B1E0164006C1A0D /* CryptoMockUseCases.swift */,
			);
			path = Crypto;
			sourceTree = "<group>";
		};
		C10EAC3E2B1DE184006C1A0D /* TopCryptos */ = {
			isa = PBXGroup;
			children = (
				C10EAC442B1DE5EB006C1A0D /* TopCryptosBuilder.swift */,
				C10EAC422B1DE1A7006C1A0D /* TopCryptosView.swift */,
				C10EAC402B1DE19B006C1A0D /* TopCryptosViewModel.swift */,
			);
			path = TopCryptos;
			sourceTree = "<group>";
		};
		C10EAC462B1DEE9E006C1A0D /* DB */ = {
			isa = PBXGroup;
			children = (
				C17916D52B22727500C7798A /* DTO */,
				C10EAC522B1F56AF006C1A0D /* Tables */,
				C10EAC472B1DF078006C1A0D /* DBCryptoDataSource.swift */,
			);
			path = DB;
			sourceTree = "<group>";
		};
		C10EAC4F2B1E0E23006C1A0D /* Tabbar */ = {
			isa = PBXGroup;
			children = (
				C10EAC502B1E0E37006C1A0D /* TabbarView.swift */,
				C17916D82B238BFE00C7798A /* DefaultTabbarView.swift */,
			);
			path = Tabbar;
			sourceTree = "<group>";
		};
		C10EAC522B1F56AF006C1A0D /* Tables */ = {
			isa = PBXGroup;
			children = (
				C10EAC532B1F56F4006C1A0D /* CryptoDBO.swift */,
				C19716A22B3C55600079A7B7 /* FavoriteCryptoDBO.swift */,
			);
			path = Tables;
			sourceTree = "<group>";
		};
		C10EAC572B1F5D1C006C1A0D /* DBManager */ = {
			isa = PBXGroup;
			children = (
				C10EAC582B1F5D30006C1A0D /* SwiftDataManager.swift */,
				C10EAC5A2B1F5D5A006C1A0D /* DBManagerProtocol.swift */,
			);
			path = DBManager;
			sourceTree = "<group>";
		};
		C10EAC5C2B1FBC45006C1A0D /* DI */ = {
			isa = PBXGroup;
			children = (
				C10EAC5D2B1FBC4F006C1A0D /* Container.swift */,
				C165CE4A2B3DB9C30009F873 /* Screen.swift */,
			);
			path = DI;
			sourceTree = "<group>";
		};
		C10EAC612B1FD332006C1A0D /* MyPortfolio */ = {
			isa = PBXGroup;
			children = (
				C10EAC662B1FD379006C1A0D /* MyPortfolioBuilder.swift */,
				C10EAC622B1FD356006C1A0D /* MyPortfolioView.swift */,
				C10EAC642B1FD369006C1A0D /* MyPortfolioViewModel.swift */,
			);
			path = MyPortfolio;
			sourceTree = "<group>";
		};
		C10EAC682B20628A006C1A0D /* AddAsset */ = {
			isa = PBXGroup;
			children = (
				C10EAC6B2B2062A8006C1A0D /* AddAssetBuilder.swift */,
				C10EAC6D2B2062B3006C1A0D /* AddAssetView.swift */,
				C10EAC692B20629F006C1A0D /* AddAssetViewModel.swift */,
			);
			path = AddAsset;
			sourceTree = "<group>";
		};
		C10EAC6F2B20631E006C1A0D /* CryptoDetail */ = {
			isa = PBXGroup;
			children = (
				C10EAC702B206331006C1A0D /* CryptoDetailBuilder.swift */,
				C10EAC722B20633B006C1A0D /* CryptoDetailView.swift */,
				C10EAC742B206347006C1A0D /* CryptoDetailViewModel.swift */,
			);
			path = CryptoDetail;
			sourceTree = "<group>";
		};
		C1527DFD2B4429A8003B0161 /* CryptoHistory */ = {
			isa = PBXGroup;
			children = (
				C1527DFE2B4429E5003B0161 /* CryptoHistoryRepository.swift */,
			);
			path = CryptoHistory;
			sourceTree = "<group>";
		};
		C1527E002B442A06003B0161 /* CryptoHistory */ = {
			isa = PBXGroup;
			children = (
				C1527E0A2B442A69003B0161 /* Remote */,
				C1527E012B442A17003B0161 /* Local */,
			);
			path = CryptoHistory;
			sourceTree = "<group>";
		};
		C1527E012B442A17003B0161 /* Local */ = {
			isa = PBXGroup;
			children = (
				C1527E042B442A30003B0161 /* DB */,
				C1527E022B442A28003B0161 /* LocalCryptoHistoryDataSourceProtocol.swift */,
			);
			path = Local;
			sourceTree = "<group>";
		};
		C1527E042B442A30003B0161 /* DB */ = {
			isa = PBXGroup;
			children = (
				C1527E052B442A37003B0161 /* Table */,
				C1527E062B442A48003B0161 /* DBCryptoHistoryDataSource.swift */,
			);
			path = DB;
			sourceTree = "<group>";
		};
		C1527E052B442A37003B0161 /* Table */ = {
			isa = PBXGroup;
			children = (
				C1527E082B442A56003B0161 /* CryptoHistoryDBO.swift */,
			);
			path = Table;
			sourceTree = "<group>";
		};
		C1527E0A2B442A69003B0161 /* Remote */ = {
			isa = PBXGroup;
			children = (
				C1527E0D2B442BE9003B0161 /* coincap */,
				C1527E0B2B442B3C003B0161 /* RemoteCryptoHistoryDataSourceProtocol.swift */,
			);
			name = Remote;
			path = Local;
			sourceTree = "<group>";
		};
		C1527E0D2B442BE9003B0161 /* coincap */ = {
			isa = PBXGroup;
			children = (
				C1527E102B442C5B003B0161 /* DTO */,
				C1527E0E2B442C0E003B0161 /* RemoteCoincapHistoryDataSource.swift */,
			);
			path = coincap;
			sourceTree = "<group>";
		};
		C1527E102B442C5B003B0161 /* DTO */ = {
			isa = PBXGroup;
			children = (
				C1527E112B442C69003B0161 /* CoincapHistoryDTO.swift */,
				C1527E1B2B4497A5003B0161 /* CoincapHistoryDataDTO.swift */,
			);
			path = DTO;
			sourceTree = "<group>";
		};
		C1527E132B443777003B0161 /* CryptoHistory */ = {
			isa = PBXGroup;
			children = (
				C1527E142B44379C003B0161 /* CryptoHistoryRepositoryProtocol.swift */,
			);
			path = CryptoHistory;
			sourceTree = "<group>";
		};
		C1527E162B443933003B0161 /* CryptoHistory */ = {
			isa = PBXGroup;
			children = (
				C1527E1D2B449892003B0161 /* CryptoHistoryUseCase.swift */,
				C1527E1F2B4498B4003B0161 /* CryptoHistoryUseCaseProtocol.swift */,
				C1527E212B44B821003B0161 /* CryptoHistoryMockUseCases.swift */,
			);
			path = CryptoHistory;
			sourceTree = "<group>";
		};
		C16282762B3B209000EDFFF0 /* OnBoarding */ = {
			isa = PBXGroup;
			children = (
				C16282772B3B20A700EDFFF0 /* OnBoardingView.swift */,
				C16282792B3B354000EDFFF0 /* OnBoardingViewModel.swift */,
				C162827B2B3B3E6C00EDFFF0 /* OnBoardingBuilder.swift */,
			);
			path = OnBoarding;
			sourceTree = "<group>";
		};
		C165CE422B3DB3270009F873 /* Splash */ = {
			isa = PBXGroup;
			children = (
				C165CE432B3DB3330009F873 /* SplashBuilder.swift */,
				C165CE462B3DB3420009F873 /* SplashView.swift */,
				C165CE482B3DB3760009F873 /* SplashViewModel.swift */,
			);
			path = Splash;
			sourceTree = "<group>";
		};
		C16D03FE2B18BFB60014F906 = {
			isa = PBXGroup;
			children = (
				C16D04092B18BFB60014F906 /* wallety */,
				C16D04082B18BFB60014F906 /* Products */,
				C194F8A22B663A5900885D0A /* Frameworks */,
			);
			sourceTree = "<group>";
		};
		C16D04082B18BFB60014F906 /* Products */ = {
			isa = PBXGroup;
			children = (
				C16D04072B18BFB60014F906 /* wallety.app */,
			);
			name = Products;
			sourceTree = "<group>";
		};
		C16D04092B18BFB60014F906 /* wallety */ = {
			isa = PBXGroup;
			children = (
				C1DE37AC2B934E5E009F1780 /* Info.plist */,
				C194F89F2B65AC4100885D0A /* GoogleService-Info.plist */,
				C10EAC5C2B1FBC45006C1A0D /* DI */,
				C10EAC0C2B1B2631006C1A0D /* Data */,
				C10EAC0B2B1B262C006C1A0D /* Domain */,
				C16D041A2B18EEF10014F906 /* Presentation */,
				C10EAC0A2B19D8C0006C1A0D /* Resources */,
				C16D04122B18BFB70014F906 /* Preview Content */,
			);
			path = wallety;
			sourceTree = "<group>";
		};
		C16D04122B18BFB70014F906 /* Preview Content */ = {
			isa = PBXGroup;
			children = (
				C16D04132B18BFB70014F906 /* Preview Assets.xcassets */,
			);
			path = "Preview Content";
			sourceTree = "<group>";
		};
		C16D041A2B18EEF10014F906 /* Presentation */ = {
			isa = PBXGroup;
			children = (
				C194F88C2B65A5B900885D0A /* Component */,
				C19716982B3C2F740079A7B7 /* Style */,
				C10EAC4F2B1E0E23006C1A0D /* Tabbar */,
				C16D041C2B18EEFC0014F906 /* Modules */,
				C16D041B2B18EEF70014F906 /* App */,
			);
			path = Presentation;
			sourceTree = "<group>";
		};
		C16D041B2B18EEF70014F906 /* App */ = {
			isa = PBXGroup;
			children = (
				C16D040A2B18BFB60014F906 /* WalletyApp.swift */,
				C194F89D2B65AC1700885D0A /* AppDelegate.swift */,
			);
			path = App;
			sourceTree = "<group>";
		};
		C16D041C2B18EEFC0014F906 /* Modules */ = {
			isa = PBXGroup;
			children = (
				C165CE422B3DB3270009F873 /* Splash */,
				C16282762B3B209000EDFFF0 /* OnBoarding */,
				C17916DA2B24C50E00C7798A /* Profile */,
				C10EAC6F2B20631E006C1A0D /* CryptoDetail */,
				C10EAC682B20628A006C1A0D /* AddAsset */,
				C10EAC612B1FD332006C1A0D /* MyPortfolio */,
				C10EAC3E2B1DE184006C1A0D /* TopCryptos */,
				C16D041D2B18EF030014F906 /* Home */,
			);
			path = Modules;
			sourceTree = "<group>";
		};
		C16D041D2B18EF030014F906 /* Home */ = {
			isa = PBXGroup;
			children = (
				C10EAC492B1DFEEF006C1A0D /* HomeBuilder.swift */,
				C16D041E2B18EF190014F906 /* HomeView.swift */,
				C10EAC4B2B1DFEFA006C1A0D /* HomeViewModel.swift */,
			);
			path = Home;
			sourceTree = "<group>";
		};
		C17916CF2B2270BF00C7798A /* CacheManager */ = {
			isa = PBXGroup;
			children = (
				C17916D42B22711700C7798A /* UserDefaults */,
				C17916D02B2270CF00C7798A /* CacheManagerProtocol.swift */,
			);
			path = CacheManager;
			sourceTree = "<group>";
		};
		C17916D42B22711700C7798A /* UserDefaults */ = {
			isa = PBXGroup;
			children = (
				C17916D22B2270DF00C7798A /* UserDefaultsManager.swift */,
			);
			path = UserDefaults;
			sourceTree = "<group>";
		};
		C17916D52B22727500C7798A /* DTO */ = {
			isa = PBXGroup;
			children = (
				C17916D62B22729800C7798A /* CryptoUpdatedDTO.swift */,
			);
			path = DTO;
			sourceTree = "<group>";
		};
		C17916DA2B24C50E00C7798A /* Profile */ = {
			isa = PBXGroup;
			children = (
				C17916DB2B24C51F00C7798A /* ProfileView.swift */,
				C17916DD2B24C5CD00C7798A /* ProfileViewModel.swift */,
				C16281132B32ED5700EDFFF0 /* ProfileBuilder.swift */,
			);
			path = Profile;
			sourceTree = "<group>";
		};
		C17916DF2B25B44F00C7798A /* Rates */ = {
			isa = PBXGroup;
			children = (
				C1F8260B2B29AFCB007AE951 /* Cache */,
				C17916E32B25B47100C7798A /* Remote */,
				C17916E22B25B46A00C7798A /* Local */,
			);
			path = Rates;
			sourceTree = "<group>";
		};
		C17916E22B25B46A00C7798A /* Local */ = {
			isa = PBXGroup;
			children = (
				C17916EB2B25B4B900C7798A /* DB */,
				C17916E42B25B48100C7798A /* LocalRatesDataSourceProtocol.swift */,
			);
			path = Local;
			sourceTree = "<group>";
		};
		C17916E32B25B47100C7798A /* Remote */ = {
			isa = PBXGroup;
			children = (
				C17916E82B25B49600C7798A /* coincap */,
				C17916E62B25B49200C7798A /* RemoteRatesDataSourceProtocol.swift */,
			);
			path = Remote;
			sourceTree = "<group>";
		};
		C17916E82B25B49600C7798A /* coincap */ = {
			isa = PBXGroup;
			children = (
				C17916EC2B25B53900C7798A /* DTO */,
				C17916E92B25B4B200C7798A /* CoincapRatesDataSource.swift */,
			);
			path = coincap;
			sourceTree = "<group>";
		};
		C17916EB2B25B4B900C7798A /* DB */ = {
			isa = PBXGroup;
			children = (
				C17916EF2B25B7BE00C7798A /* Tables */,
				C17916E02B25B46600C7798A /* DBRatesDataSource.swift */,
			);
			path = DB;
			sourceTree = "<group>";
		};
		C17916EC2B25B53900C7798A /* DTO */ = {
			isa = PBXGroup;
			children = (
				C17916ED2B25B54300C7798A /* RateDTO.swift */,
				C17917072B273D2F00C7798A /* RateInfoDTO.swift */,
			);
			path = DTO;
			sourceTree = "<group>";
		};
		C17916EF2B25B7BE00C7798A /* Tables */ = {
			isa = PBXGroup;
			children = (
				C17916F02B25B7CB00C7798A /* RateDBO.swift */,
			);
			path = Tables;
			sourceTree = "<group>";
		};
		C17916F22B25BA1E00C7798A /* Rates */ = {
			isa = PBXGroup;
			children = (
				C17916F32B25BA3300C7798A /* RatesRepositoryProtocol.swift */,
			);
			path = Rates;
			sourceTree = "<group>";
		};
		C17916F72B26524D00C7798A /* Rates */ = {
			isa = PBXGroup;
			children = (
				C17916F82B26525D00C7798A /* RatesRepository.swift */,
			);
			path = Rates;
			sourceTree = "<group>";
		};
		C17916FA2B27270B00C7798A /* Rates */ = {
			isa = PBXGroup;
			children = (
				C17916FB2B27271E00C7798A /* RatesUseCasesProtocol.swift */,
				C17916FD2B27272900C7798A /* RatesUseCases.swift */,
				C17917042B27364B00C7798A /* RatesMockUseCases.swift */,
			);
			path = Rates;
			sourceTree = "<group>";
		};
		C17916FF2B2727ED00C7798A /* CryptoPortfolio */ = {
			isa = PBXGroup;
			children = (
				C17917002B27280B00C7798A /* CryptoPortfolioUseCasesProtocol.swift */,
				C17917022B27281E00C7798A /* CryptoPortfolioUseCases.swift */,
				C103027F2B3227A0005E8C54 /* CryptoPortfolioMockUseCases.swift */,
			);
			path = CryptoPortfolio;
			sourceTree = "<group>";
		};
		C194F8862B656F6800885D0A /* UpdateInfoManager */ = {
			isa = PBXGroup;
			children = (
				C194F88B2B65772500885D0A /* UserDefaults */,
				C194F8892B6576E300885D0A /* UpdateInfoManagerProtocol.swift */,
			);
			path = UpdateInfoManager;
			sourceTree = "<group>";
		};
		C194F88B2B65772500885D0A /* UserDefaults */ = {
			isa = PBXGroup;
			children = (
				C194F8872B656F7F00885D0A /* UpdateInfoUDManager.swift */,
			);
			path = UserDefaults;
			sourceTree = "<group>";
		};
		C194F88C2B65A5B900885D0A /* Component */ = {
			isa = PBXGroup;
			children = (
				C1D191F82B975B13002AB872 /* Banner */,
				C194F88D2B65A5C800885D0A /* CacheAsyncImage.swift */,
				C194F8A52B6640BC00885D0A /* NavigationBackButtonNoTitle.swift */,
			);
			path = Component;
			sourceTree = "<group>";
		};
		C194F8A22B663A5900885D0A /* Frameworks */ = {
			isa = PBXGroup;
			children = (
			);
			name = Frameworks;
			sourceTree = "<group>";
		};
		C19716982B3C2F740079A7B7 /* Style */ = {
			isa = PBXGroup;
			children = (
				C19716992B3C2F7D0079A7B7 /* Button */,
			);
			path = Style;
			sourceTree = "<group>";
		};
		C19716992B3C2F7D0079A7B7 /* Button */ = {
			isa = PBXGroup;
			children = (
				C197169A2B3C2F8B0079A7B7 /* LargeButtonStyle.swift */,
			);
			path = Button;
			sourceTree = "<group>";
		};
		C1D191F82B975B13002AB872 /* Banner */ = {
			isa = PBXGroup;
			children = (
				C1D191F92B975B20002AB872 /* Banner.swift */,
			);
			path = Banner;
			sourceTree = "<group>";
		};
		C1DFE3462B3CCAB700F4086F /* User */ = {
			isa = PBXGroup;
			children = (
				C1DFE3472B3CCAC500F4086F /* UserUseCases.swift */,
				C1DFE3492B3CCAD800F4086F /* UserUseCasesProtocol.swift */,
				C165CE3E2B3D7D930009F873 /* UserMockUseCases.swift */,
			);
			path = User;
			sourceTree = "<group>";
		};
		C1DFE34B2B3CCB4400F4086F /* User */ = {
			isa = PBXGroup;
			children = (
				C1DFE34C2B3CCB5E00F4086F /* UserRepositoryProtocol.swift */,
			);
			path = User;
			sourceTree = "<group>";
		};
		C1DFE34E2B3CCB7800F4086F /* User */ = {
			isa = PBXGroup;
			children = (
				C1DFE3542B3CCBC300F4086F /* Cache */,
				C1DFE3522B3CCBBF00F4086F /* UserDataSourceProtocol.swift */,
			);
			path = User;
			sourceTree = "<group>";
		};
		C1DFE34F2B3CCB8600F4086F /* User */ = {
			isa = PBXGroup;
			children = (
				C1DFE3502B3CCB9600F4086F /* UserRepository.swift */,
			);
			path = User;
			sourceTree = "<group>";
		};
		C1DFE3542B3CCBC300F4086F /* Cache */ = {
			isa = PBXGroup;
			children = (
				C1DFE3572B3CCCBC00F4086F /* DTO */,
				C1DFE3552B3CCBE500F4086F /* UDUserDataSource.swift */,
			);
			path = Cache;
			sourceTree = "<group>";
		};
		C1DFE3572B3CCCBC00F4086F /* DTO */ = {
			isa = PBXGroup;
			children = (
				C1DFE3582B3CCCC800F4086F /* UserDTO.swift */,
			);
			path = DTO;
			sourceTree = "<group>";
		};
		C1F8260B2B29AFCB007AE951 /* Cache */ = {
			isa = PBXGroup;
			children = (
				C1F8260E2B29B0D8007AE951 /* UserDefault */,
				C1F8260F2B29B108007AE951 /* CacheRatesDataSourceProtocol.swift */,
			);
			path = Cache;
			sourceTree = "<group>";
		};
		C1F8260E2B29B0D8007AE951 /* UserDefault */ = {
			isa = PBXGroup;
			children = (
				C1F826112B29B13E007AE951 /* DTO */,
				C1F8260C2B29AFE3007AE951 /* UDRatesDataSource.swift */,
			);
			path = UserDefault;
			sourceTree = "<group>";
		};
		C1F826112B29B13E007AE951 /* DTO */ = {
			isa = PBXGroup;
			children = (
				C1F826122B29B14C007AE951 /* CacheRateDTO.swift */,
			);
			path = DTO;
			sourceTree = "<group>";
		};
/* End PBXGroup section */

/* Begin PBXNativeTarget section */
		C16D04062B18BFB60014F906 /* wallety */ = {
			isa = PBXNativeTarget;
			buildConfigurationList = C16D04172B18BFB70014F906 /* Build configuration list for PBXNativeTarget "wallety" */;
			buildPhases = (
				C16D04032B18BFB60014F906 /* Sources */,
				C16D04042B18BFB60014F906 /* Frameworks */,
				C16D04052B18BFB60014F906 /* Resources */,
				C194F8A12B65ACD900885D0A /* Crashlitycs */,
				C1A1A9932B99AFD6009DEB99 /* dSYMs */,
			);
			buildRules = (
			);
			dependencies = (
			);
			name = wallety;
			packageProductDependencies = (
				C194F8902B65A95F00885D0A /* Kingfisher */,
				C194F8932B65AB7A00885D0A /* FirebaseAnalytics */,
				C194F8952B65AB7A00885D0A /* FirebaseAnalyticsOnDeviceConversion */,
				C194F8972B65AB7A00885D0A /* FirebaseAnalyticsSwift */,
				C194F8992B65AB7A00885D0A /* FirebaseAnalyticsWithoutAdIdSupport */,
				C194F89B2B65AB7A00885D0A /* FirebaseAppCheck */,
				C194F8A32B663A5900885D0A /* FirebaseCrashlytics */,
			);
			productName = wallety;
			productReference = C16D04072B18BFB60014F906 /* wallety.app */;
			productType = "com.apple.product-type.application";
		};
/* End PBXNativeTarget section */

/* Begin PBXProject section */
		C16D03FF2B18BFB60014F906 /* Project object */ = {
			isa = PBXProject;
			attributes = {
				BuildIndependentTargetsInParallel = 1;
				LastSwiftUpdateCheck = 1500;
				LastUpgradeCheck = 1500;
				TargetAttributes = {
					C16D04062B18BFB60014F906 = {
						CreatedOnToolsVersion = 15.0.1;
					};
				};
			};
			buildConfigurationList = C16D04022B18BFB60014F906 /* Build configuration list for PBXProject "wallety" */;
			compatibilityVersion = "Xcode 14.0";
			developmentRegion = en;
			hasScannedForEncodings = 0;
			knownRegions = (
				en,
				Base,
			);
			mainGroup = C16D03FE2B18BFB60014F906;
			packageReferences = (
				C194F88F2B65A95F00885D0A /* XCRemoteSwiftPackageReference "Kingfisher" */,
				C194F8922B65AB7A00885D0A /* XCRemoteSwiftPackageReference "firebase-ios-sdk" */,
			);
			productRefGroup = C16D04082B18BFB60014F906 /* Products */;
			projectDirPath = "";
			projectRoot = "";
			targets = (
				C16D04062B18BFB60014F906 /* wallety */,
			);
		};
/* End PBXProject section */

/* Begin PBXResourcesBuildPhase section */
		C16D04052B18BFB60014F906 /* Resources */ = {
			isa = PBXResourcesBuildPhase;
			buildActionMask = 2147483647;
			files = (
				C16D04142B18BFB70014F906 /* Preview Assets.xcassets in Resources */,
				C194F8A02B65AC4100885D0A /* GoogleService-Info.plist in Resources */,
				C16D04112B18BFB70014F906 /* Assets.xcassets in Resources */,
			);
			runOnlyForDeploymentPostprocessing = 0;
		};
/* End PBXResourcesBuildPhase section */

/* Begin PBXShellScriptBuildPhase section */
		C194F8A12B65ACD900885D0A /* Crashlitycs */ = {
			isa = PBXShellScriptBuildPhase;
			buildActionMask = 8;
			files = (
			);
			inputFileListPaths = (
			);
			inputPaths = (
				"${DWARF_DSYM_FOLDER_PATH}/${DWARF_DSYM_FILE_NAME}",
				"${DWARF_DSYM_FOLDER_PATH}/${DWARF_DSYM_FILE_NAME}/Contents/Resources/DWARF/${PRODUCT_NAME}",
				"${DWARF_DSYM_FOLDER_PATH}/${DWARF_DSYM_FILE_NAME}/Contents/Info.plist",
				"$(TARGET_BUILD_DIR)/$(UNLOCALIZED_RESOURCES_FOLDER_PATH)/GoogleService-Info.plist",
				"$(TARGET_BUILD_DIR)/$(EXECUTABLE_PATH)",
			);
			name = Crashlitycs;
			outputFileListPaths = (
			);
			outputPaths = (
			);
			runOnlyForDeploymentPostprocessing = 1;
			shellPath = /bin/sh;
			shellScript = "\"${BUILD_DIR%/Build/*}/SourcePackages/checkouts/firebase-ios-sdk/Crashlytics/run\"\n";
		};
		C1A1A9932B99AFD6009DEB99 /* dSYMs */ = {
			isa = PBXShellScriptBuildPhase;
			buildActionMask = 2147483647;
			files = (
			);
			inputFileListPaths = (
			);
			inputPaths = (
			);
			name = dSYMs;
			outputFileListPaths = (
			);
			outputPaths = (
			);
			runOnlyForDeploymentPostprocessing = 0;
			shellPath = /bin/sh;
			shellScript = "${BUILD_DIR%Build/*}/SourcePackages/checkouts/firebase-ios-sdk/Crashlytics/run -gsp ${PROJECT_DIR}/wallety/GoogleService-Info.plist;\n";
		};
/* End PBXShellScriptBuildPhase section */

/* Begin PBXSourcesBuildPhase section */
		C16D04032B18BFB60014F906 /* Sources */ = {
			isa = PBXSourcesBuildPhase;
			buildActionMask = 2147483647;
			files = (
				C19716A32B3C55600079A7B7 /* FavoriteCryptoDBO.swift in Sources */,
				C194F8882B656F7F00885D0A /* UpdateInfoUDManager.swift in Sources */,
				C10EAC4E2B1E0164006C1A0D /* CryptoMockUseCases.swift in Sources */,
				C10302802B3227A0005E8C54 /* CryptoPortfolioMockUseCases.swift in Sources */,
				C165CE4B2B3DB9C30009F873 /* Screen.swift in Sources */,
				C10EAC632B1FD356006C1A0D /* MyPortfolioView.swift in Sources */,
				C17916E12B25B46700C7798A /* DBRatesDataSource.swift in Sources */,
				C10EAC412B1DE19B006C1A0D /* TopCryptosViewModel.swift in Sources */,
				C10EAC602B1FCD76006C1A0D /* CryptoPortfolio.swift in Sources */,
				C17916F12B25B7CB00C7798A /* RateDBO.swift in Sources */,
				C10302742B321FC2005E8C54 /* LocalCryptoPortfolioDataSourceProtocol.swift in Sources */,
				C10EAC562B1F581A006C1A0D /* CryptoPortfolioDBO.swift in Sources */,
				C16282782B3B20A700EDFFF0 /* OnBoardingView.swift in Sources */,
				C1DFE34D2B3CCB5E00F4086F /* UserRepositoryProtocol.swift in Sources */,
				C10EAC3D2B1DE112006C1A0D /* CryptoUseCases.swift in Sources */,
				C16281142B32ED5700EDFFF0 /* ProfileBuilder.swift in Sources */,
				C10EAC4A2B1DFEEF006C1A0D /* HomeBuilder.swift in Sources */,
				C10EAC322B1DDFA1006C1A0D /* CryptoRepositoryProtocol.swift in Sources */,
				C10EAC6A2B20629F006C1A0D /* AddAssetViewModel.swift in Sources */,
				C10EAC452B1DE5EB006C1A0D /* TopCryptosBuilder.swift in Sources */,
				C17916F62B25BA6C00C7798A /* Rate.swift in Sources */,
				C1DFE3482B3CCAC500F4086F /* UserUseCases.swift in Sources */,
				C10EAC732B20633B006C1A0D /* CryptoDetailView.swift in Sources */,
				C10EAC542B1F56F4006C1A0D /* CryptoDBO.swift in Sources */,
				C1527E032B442A28003B0161 /* LocalCryptoHistoryDataSourceProtocol.swift in Sources */,
				C17916D72B22729800C7798A /* CryptoUpdatedDTO.swift in Sources */,
				C1DFE3592B3CCCC800F4086F /* UserDTO.swift in Sources */,
				C10EAC222B1D2369006C1A0D /* RemoteCoincapDataSource.swift in Sources */,
				C1527E1C2B4497A5003B0161 /* CoincapHistoryDataDTO.swift in Sources */,
				C10EAC6C2B2062A8006C1A0D /* AddAssetBuilder.swift in Sources */,
				C10EAC342B1DDFD5006C1A0D /* Crypto.swift in Sources */,
				C103027E2B322346005E8C54 /* CryptoPortfolioRespositoryProtocol.swift in Sources */,
				C1DFE34A2B3CCAD800F4086F /* UserUseCasesProtocol.swift in Sources */,
				C162827C2B3B3E6C00EDFFF0 /* OnBoardingBuilder.swift in Sources */,
				C1527E182B443941003B0161 /* CryptoHistory.swift in Sources */,
				C17917032B27281E00C7798A /* CryptoPortfolioUseCases.swift in Sources */,
				C17916F92B26525E00C7798A /* RatesRepository.swift in Sources */,
				C10EAC752B206347006C1A0D /* CryptoDetailViewModel.swift in Sources */,
				C1527E122B442C69003B0161 /* CoincapHistoryDTO.swift in Sources */,
				C17916E72B25B49200C7798A /* RemoteRatesDataSourceProtocol.swift in Sources */,
				C1DFE3532B3CCBBF00F4086F /* UserDataSourceProtocol.swift in Sources */,
				C17916E52B25B48100C7798A /* LocalRatesDataSourceProtocol.swift in Sources */,
				C10EAC3B2B1DE108006C1A0D /* CryptoUseCasesProtocol.swift in Sources */,
				C10EAC5E2B1FBC4F006C1A0D /* Container.swift in Sources */,
				C165CE442B3DB3330009F873 /* SplashBuilder.swift in Sources */,
				C17916DC2B24C51F00C7798A /* ProfileView.swift in Sources */,
				C194F88A2B6576E300885D0A /* UpdateInfoManagerProtocol.swift in Sources */,
				C165CE472B3DB3420009F873 /* SplashView.swift in Sources */,
				C10EAC372B1DE028006C1A0D /* CryptoRepository.swift in Sources */,
				C17916D12B2270CF00C7798A /* CacheManagerProtocol.swift in Sources */,
				C17917052B27364B00C7798A /* RatesMockUseCases.swift in Sources */,
				C1527E1E2B449892003B0161 /* CryptoHistoryUseCase.swift in Sources */,
				C165CE492B3DB3760009F873 /* SplashViewModel.swift in Sources */,
				C1527DFF2B4429E5003B0161 /* CryptoHistoryRepository.swift in Sources */,
				C1527E092B442A56003B0161 /* CryptoHistoryDBO.swift in Sources */,
				C1527E0C2B442B3C003B0161 /* RemoteCryptoHistoryDataSourceProtocol.swift in Sources */,
				C10EAC672B1FD379006C1A0D /* MyPortfolioBuilder.swift in Sources */,
				C10EAC1F2B1D22C2006C1A0D /* RemoteCryptoDataSourceProtocol.swift in Sources */,
				C165CE3F2B3D7D930009F873 /* UserMockUseCases.swift in Sources */,
				C10EAC652B1FD369006C1A0D /* MyPortfolioViewModel.swift in Sources */,
				C17916FE2B27272900C7798A /* RatesUseCases.swift in Sources */,
				C17916D32B2270DF00C7798A /* UserDefaultsManager.swift in Sources */,
				C197169B2B3C2F8B0079A7B7 /* LargeButtonStyle.swift in Sources */,
				C10EAC712B206331006C1A0D /* CryptoDetailBuilder.swift in Sources */,
				C10EAC2A2B1DDE51006C1A0D /* RemoteManager.swift in Sources */,
				C162827A2B3B354000EDFFF0 /* OnBoardingViewModel.swift in Sources */,
				C194F89E2B65AC1700885D0A /* AppDelegate.swift in Sources */,
				C194F8A62B6640BC00885D0A /* NavigationBackButtonNoTitle.swift in Sources */,
				C10EAC2D2B1DDEE4006C1A0D /* CryptoCoinCapDTO.swift in Sources */,
				C16D041F2B18EF190014F906 /* HomeView.swift in Sources */,
				C1DFE3562B3CCBE500F4086F /* UDUserDataSource.swift in Sources */,
				C1527E0F2B442C0E003B0161 /* RemoteCoincapHistoryDataSource.swift in Sources */,
				C1527E072B442A48003B0161 /* DBCryptoHistoryDataSource.swift in Sources */,
				C17916D92B238BFE00C7798A /* DefaultTabbarView.swift in Sources */,
				C17916F42B25BA3300C7798A /* RatesRepositoryProtocol.swift in Sources */,
				C17916DE2B24C5CD00C7798A /* ProfileViewModel.swift in Sources */,
				C10EAC1D2B1D22AB006C1A0D /* LocalCryptoDataSourceProtocol.swift in Sources */,
				C10EAC482B1DF078006C1A0D /* DBCryptoDataSource.swift in Sources */,
				C10302772B322035005E8C54 /* DBCryptoPortfolioDataSource.swift in Sources */,
				C1527E202B4498B4003B0161 /* CryptoHistoryUseCaseProtocol.swift in Sources */,
				C10EAC512B1E0E37006C1A0D /* TabbarView.swift in Sources */,
				C10EAC5B2B1F5D5A006C1A0D /* DBManagerProtocol.swift in Sources */,
				C10EAC6E2B2062B3006C1A0D /* AddAssetView.swift in Sources */,
				C10EAC4C2B1DFEFA006C1A0D /* HomeViewModel.swift in Sources */,
				C1527E152B44379C003B0161 /* CryptoHistoryRepositoryProtocol.swift in Sources */,
				C10EAC592B1F5D30006C1A0D /* SwiftDataManager.swift in Sources */,
				C16D040B2B18BFB60014F906 /* WalletyApp.swift in Sources */,
				C1F8260D2B29AFE3007AE951 /* UDRatesDataSource.swift in Sources */,
				C17916FC2B27271E00C7798A /* RatesUseCasesProtocol.swift in Sources */,
				C1DFE35B2B3CCE4C00F4086F /* User.swift in Sources */,
				C17916EE2B25B54300C7798A /* RateDTO.swift in Sources */,
				C10EAC432B1DE1A7006C1A0D /* TopCryptosView.swift in Sources */,
				C17917082B273D2F00C7798A /* RateInfoDTO.swift in Sources */,
				C1D191FA2B975B20002AB872 /* Banner.swift in Sources */,
				C194F88E2B65A5C800885D0A /* CacheAsyncImage.swift in Sources */,
				C103027B2B32219E005E8C54 /* CryptoPortfolioRepository.swift in Sources */,
				C10EAC282B1DDE45006C1A0D /* RemoteManagerProtocol.swift in Sources */,
				C1527E222B44B821003B0161 /* CryptoHistoryMockUseCases.swift in Sources */,
				C17916EA2B25B4B200C7798A /* CoincapRatesDataSource.swift in Sources */,
				C1F826102B29B108007AE951 /* CacheRatesDataSourceProtocol.swift in Sources */,
				C17917012B27280B00C7798A /* CryptoPortfolioUseCasesProtocol.swift in Sources */,
				C1F826132B29B14C007AE951 /* CacheRateDTO.swift in Sources */,
				C1DFE3512B3CCB9600F4086F /* UserRepository.swift in Sources */,
				C10EAC2F2B1DDF2C006C1A0D /* CryptoCoinCapDataDTO.swift in Sources */,
			);
			runOnlyForDeploymentPostprocessing = 0;
		};
/* End PBXSourcesBuildPhase section */

/* Begin XCBuildConfiguration section */
		C16D04152B18BFB70014F906 /* Debug */ = {
			isa = XCBuildConfiguration;
			buildSettings = {
				ALWAYS_SEARCH_USER_PATHS = NO;
				ASSETCATALOG_COMPILER_GENERATE_SWIFT_ASSET_SYMBOL_EXTENSIONS = YES;
				CLANG_ANALYZER_NONNULL = YES;
				CLANG_ANALYZER_NUMBER_OBJECT_CONVERSION = YES_AGGRESSIVE;
				CLANG_CXX_LANGUAGE_STANDARD = "gnu++20";
				CLANG_ENABLE_MODULES = YES;
				CLANG_ENABLE_OBJC_ARC = YES;
				CLANG_ENABLE_OBJC_WEAK = YES;
				CLANG_WARN_BLOCK_CAPTURE_AUTORELEASING = YES;
				CLANG_WARN_BOOL_CONVERSION = YES;
				CLANG_WARN_COMMA = YES;
				CLANG_WARN_CONSTANT_CONVERSION = YES;
				CLANG_WARN_DEPRECATED_OBJC_IMPLEMENTATIONS = YES;
				CLANG_WARN_DIRECT_OBJC_ISA_USAGE = YES_ERROR;
				CLANG_WARN_DOCUMENTATION_COMMENTS = YES;
				CLANG_WARN_EMPTY_BODY = YES;
				CLANG_WARN_ENUM_CONVERSION = YES;
				CLANG_WARN_INFINITE_RECURSION = YES;
				CLANG_WARN_INT_CONVERSION = YES;
				CLANG_WARN_NON_LITERAL_NULL_CONVERSION = YES;
				CLANG_WARN_OBJC_IMPLICIT_RETAIN_SELF = YES;
				CLANG_WARN_OBJC_LITERAL_CONVERSION = YES;
				CLANG_WARN_OBJC_ROOT_CLASS = YES_ERROR;
				CLANG_WARN_QUOTED_INCLUDE_IN_FRAMEWORK_HEADER = YES;
				CLANG_WARN_RANGE_LOOP_ANALYSIS = YES;
				CLANG_WARN_STRICT_PROTOTYPES = YES;
				CLANG_WARN_SUSPICIOUS_MOVE = YES;
				CLANG_WARN_UNGUARDED_AVAILABILITY = YES_AGGRESSIVE;
				CLANG_WARN_UNREACHABLE_CODE = YES;
				CLANG_WARN__DUPLICATE_METHOD_MATCH = YES;
				COPY_PHASE_STRIP = NO;
				DEBUG_INFORMATION_FORMAT = "dwarf-with-dsym";
				ENABLE_STRICT_OBJC_MSGSEND = YES;
				ENABLE_TESTABILITY = YES;
				ENABLE_USER_SCRIPT_SANDBOXING = NO;
				GCC_C_LANGUAGE_STANDARD = gnu17;
				GCC_DYNAMIC_NO_PIC = NO;
				GCC_NO_COMMON_BLOCKS = YES;
				GCC_OPTIMIZATION_LEVEL = 0;
				GCC_PREPROCESSOR_DEFINITIONS = (
					"DEBUG=1",
					"$(inherited)",
				);
				GCC_WARN_64_TO_32_BIT_CONVERSION = YES;
				GCC_WARN_ABOUT_RETURN_TYPE = YES_ERROR;
				GCC_WARN_UNDECLARED_SELECTOR = YES;
				GCC_WARN_UNINITIALIZED_AUTOS = YES_AGGRESSIVE;
				GCC_WARN_UNUSED_FUNCTION = YES;
				GCC_WARN_UNUSED_VARIABLE = YES;
				IPHONEOS_DEPLOYMENT_TARGET = 17.0;
				LOCALIZATION_PREFERS_STRING_CATALOGS = YES;
				MTL_ENABLE_DEBUG_INFO = INCLUDE_SOURCE;
				MTL_FAST_MATH = YES;
				ONLY_ACTIVE_ARCH = YES;
				SDKROOT = iphoneos;
				SWIFT_ACTIVE_COMPILATION_CONDITIONS = "DEBUG $(inherited)";
				SWIFT_OPTIMIZATION_LEVEL = "-Onone";
			};
			name = Debug;
		};
		C16D04162B18BFB70014F906 /* Release */ = {
			isa = XCBuildConfiguration;
			buildSettings = {
				ALWAYS_SEARCH_USER_PATHS = NO;
				ASSETCATALOG_COMPILER_GENERATE_SWIFT_ASSET_SYMBOL_EXTENSIONS = YES;
				CLANG_ANALYZER_NONNULL = YES;
				CLANG_ANALYZER_NUMBER_OBJECT_CONVERSION = YES_AGGRESSIVE;
				CLANG_CXX_LANGUAGE_STANDARD = "gnu++20";
				CLANG_ENABLE_MODULES = YES;
				CLANG_ENABLE_OBJC_ARC = YES;
				CLANG_ENABLE_OBJC_WEAK = YES;
				CLANG_WARN_BLOCK_CAPTURE_AUTORELEASING = YES;
				CLANG_WARN_BOOL_CONVERSION = YES;
				CLANG_WARN_COMMA = YES;
				CLANG_WARN_CONSTANT_CONVERSION = YES;
				CLANG_WARN_DEPRECATED_OBJC_IMPLEMENTATIONS = YES;
				CLANG_WARN_DIRECT_OBJC_ISA_USAGE = YES_ERROR;
				CLANG_WARN_DOCUMENTATION_COMMENTS = YES;
				CLANG_WARN_EMPTY_BODY = YES;
				CLANG_WARN_ENUM_CONVERSION = YES;
				CLANG_WARN_INFINITE_RECURSION = YES;
				CLANG_WARN_INT_CONVERSION = YES;
				CLANG_WARN_NON_LITERAL_NULL_CONVERSION = YES;
				CLANG_WARN_OBJC_IMPLICIT_RETAIN_SELF = YES;
				CLANG_WARN_OBJC_LITERAL_CONVERSION = YES;
				CLANG_WARN_OBJC_ROOT_CLASS = YES_ERROR;
				CLANG_WARN_QUOTED_INCLUDE_IN_FRAMEWORK_HEADER = YES;
				CLANG_WARN_RANGE_LOOP_ANALYSIS = YES;
				CLANG_WARN_STRICT_PROTOTYPES = YES;
				CLANG_WARN_SUSPICIOUS_MOVE = YES;
				CLANG_WARN_UNGUARDED_AVAILABILITY = YES_AGGRESSIVE;
				CLANG_WARN_UNREACHABLE_CODE = YES;
				CLANG_WARN__DUPLICATE_METHOD_MATCH = YES;
				COPY_PHASE_STRIP = NO;
				DEBUG_INFORMATION_FORMAT = "dwarf-with-dsym";
				ENABLE_NS_ASSERTIONS = NO;
				ENABLE_STRICT_OBJC_MSGSEND = YES;
				ENABLE_USER_SCRIPT_SANDBOXING = NO;
				GCC_C_LANGUAGE_STANDARD = gnu17;
				GCC_NO_COMMON_BLOCKS = YES;
				GCC_WARN_64_TO_32_BIT_CONVERSION = YES;
				GCC_WARN_ABOUT_RETURN_TYPE = YES_ERROR;
				GCC_WARN_UNDECLARED_SELECTOR = YES;
				GCC_WARN_UNINITIALIZED_AUTOS = YES_AGGRESSIVE;
				GCC_WARN_UNUSED_FUNCTION = YES;
				GCC_WARN_UNUSED_VARIABLE = YES;
				IPHONEOS_DEPLOYMENT_TARGET = 17.0;
				LOCALIZATION_PREFERS_STRING_CATALOGS = YES;
				MTL_ENABLE_DEBUG_INFO = NO;
				MTL_FAST_MATH = YES;
				SDKROOT = iphoneos;
				SWIFT_COMPILATION_MODE = wholemodule;
				VALIDATE_PRODUCT = YES;
			};
			name = Release;
		};
		C16D04182B18BFB70014F906 /* Debug */ = {
			isa = XCBuildConfiguration;
			buildSettings = {
				ASSETCATALOG_COMPILER_APPICON_NAME = AppIcon;
				ASSETCATALOG_COMPILER_GLOBAL_ACCENT_COLOR_NAME = AccentColor;
				CODE_SIGN_STYLE = Automatic;
				CURRENT_PROJECT_VERSION = 1;
				DEVELOPMENT_ASSET_PATHS = "\"wallety/Preview Content\"";
				DEVELOPMENT_TEAM = 3BJD5A7BSQ;
				ENABLE_PREVIEWS = YES;
				GENERATE_INFOPLIST_FILE = YES;
				INFOPLIST_FILE = wallety/Info.plist;
				INFOPLIST_KEY_UIApplicationSceneManifest_Generation = YES;
				INFOPLIST_KEY_UIApplicationSupportsIndirectInputEvents = YES;
				INFOPLIST_KEY_UILaunchScreen_Generation = YES;
				INFOPLIST_KEY_UISupportedInterfaceOrientations_iPad = "UIInterfaceOrientationPortrait UIInterfaceOrientationPortraitUpsideDown UIInterfaceOrientationLandscapeLeft UIInterfaceOrientationLandscapeRight";
				INFOPLIST_KEY_UISupportedInterfaceOrientations_iPhone = "UIInterfaceOrientationPortrait UIInterfaceOrientationLandscapeLeft UIInterfaceOrientationLandscapeRight";
				LD_RUNPATH_SEARCH_PATHS = (
					"$(inherited)",
					"@executable_path/Frameworks",
				);
				MARKETING_VERSION = 1.0;
				OTHER_LDFLAGS = "-ObjC";
				PRODUCT_BUNDLE_IDENTIFIER = es.fernandosalom.wallety;
				PRODUCT_NAME = "$(TARGET_NAME)";
				SWIFT_EMIT_LOC_STRINGS = YES;
				SWIFT_VERSION = 5.0;
				TARGETED_DEVICE_FAMILY = "1,2";
			};
			name = Debug;
		};
		C16D04192B18BFB70014F906 /* Release */ = {
			isa = XCBuildConfiguration;
			buildSettings = {
				ASSETCATALOG_COMPILER_APPICON_NAME = AppIcon;
				ASSETCATALOG_COMPILER_GLOBAL_ACCENT_COLOR_NAME = AccentColor;
				CODE_SIGN_STYLE = Automatic;
				CURRENT_PROJECT_VERSION = 1;
				DEVELOPMENT_ASSET_PATHS = "\"wallety/Preview Content\"";
				DEVELOPMENT_TEAM = 3BJD5A7BSQ;
				ENABLE_PREVIEWS = YES;
				GENERATE_INFOPLIST_FILE = YES;
				INFOPLIST_FILE = wallety/Info.plist;
				INFOPLIST_KEY_UIApplicationSceneManifest_Generation = YES;
				INFOPLIST_KEY_UIApplicationSupportsIndirectInputEvents = YES;
				INFOPLIST_KEY_UILaunchScreen_Generation = YES;
				INFOPLIST_KEY_UISupportedInterfaceOrientations_iPad = "UIInterfaceOrientationPortrait UIInterfaceOrientationPortraitUpsideDown UIInterfaceOrientationLandscapeLeft UIInterfaceOrientationLandscapeRight";
				INFOPLIST_KEY_UISupportedInterfaceOrientations_iPhone = "UIInterfaceOrientationPortrait UIInterfaceOrientationLandscapeLeft UIInterfaceOrientationLandscapeRight";
				LD_RUNPATH_SEARCH_PATHS = (
					"$(inherited)",
					"@executable_path/Frameworks",
				);
				MARKETING_VERSION = 1.0;
				OTHER_LDFLAGS = "-ObjC";
				PRODUCT_BUNDLE_IDENTIFIER = es.fernandosalom.wallety;
				PRODUCT_NAME = "$(TARGET_NAME)";
				SWIFT_EMIT_LOC_STRINGS = YES;
				SWIFT_VERSION = 5.0;
				TARGETED_DEVICE_FAMILY = "1,2";
			};
			name = Release;
		};
/* End XCBuildConfiguration section */

/* Begin XCConfigurationList section */
		C16D04022B18BFB60014F906 /* Build configuration list for PBXProject "wallety" */ = {
			isa = XCConfigurationList;
			buildConfigurations = (
				C16D04152B18BFB70014F906 /* Debug */,
				C16D04162B18BFB70014F906 /* Release */,
			);
			defaultConfigurationIsVisible = 0;
			defaultConfigurationName = Release;
		};
		C16D04172B18BFB70014F906 /* Build configuration list for PBXNativeTarget "wallety" */ = {
			isa = XCConfigurationList;
			buildConfigurations = (
				C16D04182B18BFB70014F906 /* Debug */,
				C16D04192B18BFB70014F906 /* Release */,
			);
			defaultConfigurationIsVisible = 0;
			defaultConfigurationName = Release;
		};
/* End XCConfigurationList section */

/* Begin XCRemoteSwiftPackageReference section */
		C194F88F2B65A95F00885D0A /* XCRemoteSwiftPackageReference "Kingfisher" */ = {
			isa = XCRemoteSwiftPackageReference;
			repositoryURL = "https://github.com/onevcat/Kingfisher";
			requirement = {
				kind = upToNextMajorVersion;
				minimumVersion = 7.10.2;
			};
		};
		C194F8922B65AB7A00885D0A /* XCRemoteSwiftPackageReference "firebase-ios-sdk" */ = {
			isa = XCRemoteSwiftPackageReference;
			repositoryURL = "https://github.com/firebase/firebase-ios-sdk";
			requirement = {
				kind = upToNextMajorVersion;
				minimumVersion = 10.20.0;
			};
		};
/* End XCRemoteSwiftPackageReference section */

/* Begin XCSwiftPackageProductDependency section */
		C194F8902B65A95F00885D0A /* Kingfisher */ = {
			isa = XCSwiftPackageProductDependency;
			package = C194F88F2B65A95F00885D0A /* XCRemoteSwiftPackageReference "Kingfisher" */;
			productName = Kingfisher;
		};
		C194F8932B65AB7A00885D0A /* FirebaseAnalytics */ = {
			isa = XCSwiftPackageProductDependency;
			package = C194F8922B65AB7A00885D0A /* XCRemoteSwiftPackageReference "firebase-ios-sdk" */;
			productName = FirebaseAnalytics;
		};
		C194F8952B65AB7A00885D0A /* FirebaseAnalyticsOnDeviceConversion */ = {
			isa = XCSwiftPackageProductDependency;
			package = C194F8922B65AB7A00885D0A /* XCRemoteSwiftPackageReference "firebase-ios-sdk" */;
			productName = FirebaseAnalyticsOnDeviceConversion;
		};
		C194F8972B65AB7A00885D0A /* FirebaseAnalyticsSwift */ = {
			isa = XCSwiftPackageProductDependency;
			package = C194F8922B65AB7A00885D0A /* XCRemoteSwiftPackageReference "firebase-ios-sdk" */;
			productName = FirebaseAnalyticsSwift;
		};
		C194F8992B65AB7A00885D0A /* FirebaseAnalyticsWithoutAdIdSupport */ = {
			isa = XCSwiftPackageProductDependency;
			package = C194F8922B65AB7A00885D0A /* XCRemoteSwiftPackageReference "firebase-ios-sdk" */;
			productName = FirebaseAnalyticsWithoutAdIdSupport;
		};
		C194F89B2B65AB7A00885D0A /* FirebaseAppCheck */ = {
			isa = XCSwiftPackageProductDependency;
			package = C194F8922B65AB7A00885D0A /* XCRemoteSwiftPackageReference "firebase-ios-sdk" */;
			productName = FirebaseAppCheck;
		};
		C194F8A32B663A5900885D0A /* FirebaseCrashlytics */ = {
			isa = XCSwiftPackageProductDependency;
			package = C194F8922B65AB7A00885D0A /* XCRemoteSwiftPackageReference "firebase-ios-sdk" */;
			productName = FirebaseCrashlytics;
		};
/* End XCSwiftPackageProductDependency section */
	};
	rootObject = C16D03FF2B18BFB60014F906 /* Project object */;
}
